// !$*UTF8*$!
{
	archiveVersion = 1;
	classes = {
	};
	objectVersion = 55;
	objects = {

/* Begin PBXBuildFile section */
		A18B98FC28BEB62C0077A5A6 /* AppDelegate.swift in Sources */ = {isa = PBXBuildFile; fileRef = A18B98FB28BEB62C0077A5A6 /* AppDelegate.swift */; };
		A18B98FE28BEB62C0077A5A6 /* SceneDelegate.swift in Sources */ = {isa = PBXBuildFile; fileRef = A18B98FD28BEB62C0077A5A6 /* SceneDelegate.swift */; };
		A18B990528BEB62E0077A5A6 /* Assets.xcassets in Resources */ = {isa = PBXBuildFile; fileRef = A18B990428BEB62E0077A5A6 /* Assets.xcassets */; };
		A18B990828BEB62E0077A5A6 /* LaunchScreen.storyboard in Resources */ = {isa = PBXBuildFile; fileRef = A18B990628BEB62E0077A5A6 /* LaunchScreen.storyboard */; };
		A18B991728BEBD040077A5A6 /* AppConfiguration.swift in Sources */ = {isa = PBXBuildFile; fileRef = A18B991628BEBD040077A5A6 /* AppConfiguration.swift */; };
		A18B991928BEBE040077A5A6 /* AppFlowCoordinator.swift in Sources */ = {isa = PBXBuildFile; fileRef = A18B991828BEBE040077A5A6 /* AppFlowCoordinator.swift */; };
		A18B991B28BEC0580077A5A6 /* AppDependencies.swift in Sources */ = {isa = PBXBuildFile; fileRef = A18B991A28BEC0580077A5A6 /* AppDependencies.swift */; };
		A18B992628BEC7920077A5A6 /* HomeViewController.swift in Sources */ = {isa = PBXBuildFile; fileRef = A18B992528BEC7920077A5A6 /* HomeViewController.swift */; };
		A18B992D28BEE7990077A5A6 /* AuthViewController.swift in Sources */ = {isa = PBXBuildFile; fileRef = A18B992C28BEE7990077A5A6 /* AuthViewController.swift */; };
		A18B992F28BEE7C10077A5A6 /* FlowCoordinator.swift in Sources */ = {isa = PBXBuildFile; fileRef = A18B992E28BEE7C10077A5A6 /* FlowCoordinator.swift */; };
		A18B993128BEE9320077A5A6 /* SceneDependencies.swift in Sources */ = {isa = PBXBuildFile; fileRef = A18B993028BEE9320077A5A6 /* SceneDependencies.swift */; };
		A18B993628BFC72E0077A5A6 /* UIViewController+AddChild.swift in Sources */ = {isa = PBXBuildFile; fileRef = A18B993528BFC72E0077A5A6 /* UIViewController+AddChild.swift */; };
		A18B993828BFC7820077A5A6 /* UIViewController+AddBehaviors.swift in Sources */ = {isa = PBXBuildFile; fileRef = A18B993728BFC7820077A5A6 /* UIViewController+AddBehaviors.swift */; };
		A18B993B28BFC9700077A5A6 /* BackButtonEmptyTitleNavigationBarBehavior.swift in Sources */ = {isa = PBXBuildFile; fileRef = A18B993A28BFC9700077A5A6 /* BackButtonEmptyTitleNavigationBarBehavior.swift */; };
		A18B993D28BFC9A40077A5A6 /* BlackStyleNavigationBarBehavior.swift in Sources */ = {isa = PBXBuildFile; fileRef = A18B993C28BFC9A40077A5A6 /* BlackStyleNavigationBarBehavior.swift */; };
		A18B993F28BFD77F0077A5A6 /* UIViewController+ActivityIndicator.swift in Sources */ = {isa = PBXBuildFile; fileRef = A18B993E28BFD77F0077A5A6 /* UIViewController+ActivityIndicator.swift */; };
		A18B994228BFD9C70077A5A6 /* Section.swift in Sources */ = {isa = PBXBuildFile; fileRef = A18B994128BFD9C70077A5A6 /* Section.swift */; };
		A18B994428BFD9CC0077A5A6 /* Media.swift in Sources */ = {isa = PBXBuildFile; fileRef = A18B994328BFD9CC0077A5A6 /* Media.swift */; };
		A18B994628BFD9D50077A5A6 /* Season.swift in Sources */ = {isa = PBXBuildFile; fileRef = A18B994528BFD9D50077A5A6 /* Season.swift */; };
		A18B994828BFD9DA0077A5A6 /* Episode.swift in Sources */ = {isa = PBXBuildFile; fileRef = A18B994728BFD9DA0077A5A6 /* Episode.swift */; };
		A18B994A28BFD9DD0077A5A6 /* User.swift in Sources */ = {isa = PBXBuildFile; fileRef = A18B994928BFD9DD0077A5A6 /* User.swift */; };
		A18B995228BFEF050077A5A6 /* JWT.swift in Sources */ = {isa = PBXBuildFile; fileRef = A18B995128BFEF050077A5A6 /* JWT.swift */; };
		A18B995528BFF1D10077A5A6 /* User+Codable.swift in Sources */ = {isa = PBXBuildFile; fileRef = A18B995428BFF1D10077A5A6 /* User+Codable.swift */; };
		A18B995728BFF66C0077A5A6 /* Section+Decodable.swift in Sources */ = {isa = PBXBuildFile; fileRef = A18B995628BFF66C0077A5A6 /* Section+Decodable.swift */; };
		A18B995928BFF6A20077A5A6 /* Media+Decodable.swift in Sources */ = {isa = PBXBuildFile; fileRef = A18B995828BFF6A20077A5A6 /* Media+Decodable.swift */; };
		A18B995B28BFFB500077A5A6 /* Season+Decodable.swift in Sources */ = {isa = PBXBuildFile; fileRef = A18B995A28BFFB500077A5A6 /* Season+Decodable.swift */; };
		A18B995D28BFFBF30077A5A6 /* Episode+Decodable.swift in Sources */ = {isa = PBXBuildFile; fileRef = A18B995C28BFFBF30077A5A6 /* Episode+Decodable.swift */; };
		A18B996028BFFCA80077A5A6 /* Sectionable.swift in Sources */ = {isa = PBXBuildFile; fileRef = A18B995F28BFFCA80077A5A6 /* Sectionable.swift */; };
		A18B996228BFFE2B0077A5A6 /* Mediable.swift in Sources */ = {isa = PBXBuildFile; fileRef = A18B996128BFFE2B0077A5A6 /* Mediable.swift */; };
/* End PBXBuildFile section */

/* Begin PBXFileReference section */
		A18B98F828BEB62C0077A5A6 /* netflix.app */ = {isa = PBXFileReference; explicitFileType = wrapper.application; includeInIndex = 0; path = netflix.app; sourceTree = BUILT_PRODUCTS_DIR; };
		A18B98FB28BEB62C0077A5A6 /* AppDelegate.swift */ = {isa = PBXFileReference; lastKnownFileType = sourcecode.swift; path = AppDelegate.swift; sourceTree = "<group>"; };
		A18B98FD28BEB62C0077A5A6 /* SceneDelegate.swift */ = {isa = PBXFileReference; lastKnownFileType = sourcecode.swift; path = SceneDelegate.swift; sourceTree = "<group>"; };
		A18B990428BEB62E0077A5A6 /* Assets.xcassets */ = {isa = PBXFileReference; lastKnownFileType = folder.assetcatalog; path = Assets.xcassets; sourceTree = "<group>"; };
		A18B990728BEB62E0077A5A6 /* Base */ = {isa = PBXFileReference; lastKnownFileType = file.storyboard; name = Base; path = Base.lproj/LaunchScreen.storyboard; sourceTree = "<group>"; };
		A18B990928BEB62E0077A5A6 /* Info.plist */ = {isa = PBXFileReference; lastKnownFileType = text.plist.xml; path = Info.plist; sourceTree = "<group>"; };
		A18B991628BEBD040077A5A6 /* AppConfiguration.swift */ = {isa = PBXFileReference; lastKnownFileType = sourcecode.swift; path = AppConfiguration.swift; sourceTree = "<group>"; };
		A18B991828BEBE040077A5A6 /* AppFlowCoordinator.swift */ = {isa = PBXFileReference; lastKnownFileType = sourcecode.swift; path = AppFlowCoordinator.swift; sourceTree = "<group>"; };
		A18B991A28BEC0580077A5A6 /* AppDependencies.swift */ = {isa = PBXFileReference; lastKnownFileType = sourcecode.swift; path = AppDependencies.swift; sourceTree = "<group>"; };
		A18B992528BEC7920077A5A6 /* HomeViewController.swift */ = {isa = PBXFileReference; lastKnownFileType = sourcecode.swift; path = HomeViewController.swift; sourceTree = "<group>"; };
		A18B992C28BEE7990077A5A6 /* AuthViewController.swift */ = {isa = PBXFileReference; lastKnownFileType = sourcecode.swift; path = AuthViewController.swift; sourceTree = "<group>"; };
		A18B992E28BEE7C10077A5A6 /* FlowCoordinator.swift */ = {isa = PBXFileReference; lastKnownFileType = sourcecode.swift; path = FlowCoordinator.swift; sourceTree = "<group>"; };
		A18B993028BEE9320077A5A6 /* SceneDependencies.swift */ = {isa = PBXFileReference; lastKnownFileType = sourcecode.swift; path = SceneDependencies.swift; sourceTree = "<group>"; };
		A18B993528BFC72E0077A5A6 /* UIViewController+AddChild.swift */ = {isa = PBXFileReference; lastKnownFileType = sourcecode.swift; path = "UIViewController+AddChild.swift"; sourceTree = "<group>"; };
		A18B993728BFC7820077A5A6 /* UIViewController+AddBehaviors.swift */ = {isa = PBXFileReference; lastKnownFileType = sourcecode.swift; path = "UIViewController+AddBehaviors.swift"; sourceTree = "<group>"; };
		A18B993A28BFC9700077A5A6 /* BackButtonEmptyTitleNavigationBarBehavior.swift */ = {isa = PBXFileReference; lastKnownFileType = sourcecode.swift; path = BackButtonEmptyTitleNavigationBarBehavior.swift; sourceTree = "<group>"; };
		A18B993C28BFC9A40077A5A6 /* BlackStyleNavigationBarBehavior.swift */ = {isa = PBXFileReference; lastKnownFileType = sourcecode.swift; path = BlackStyleNavigationBarBehavior.swift; sourceTree = "<group>"; };
		A18B993E28BFD77F0077A5A6 /* UIViewController+ActivityIndicator.swift */ = {isa = PBXFileReference; lastKnownFileType = sourcecode.swift; path = "UIViewController+ActivityIndicator.swift"; sourceTree = "<group>"; };
		A18B994128BFD9C70077A5A6 /* Section.swift */ = {isa = PBXFileReference; lastKnownFileType = sourcecode.swift; path = Section.swift; sourceTree = "<group>"; };
		A18B994328BFD9CC0077A5A6 /* Media.swift */ = {isa = PBXFileReference; lastKnownFileType = sourcecode.swift; path = Media.swift; sourceTree = "<group>"; };
		A18B994528BFD9D50077A5A6 /* Season.swift */ = {isa = PBXFileReference; lastKnownFileType = sourcecode.swift; path = Season.swift; sourceTree = "<group>"; };
		A18B994728BFD9DA0077A5A6 /* Episode.swift */ = {isa = PBXFileReference; lastKnownFileType = sourcecode.swift; path = Episode.swift; sourceTree = "<group>"; };
		A18B994928BFD9DD0077A5A6 /* User.swift */ = {isa = PBXFileReference; lastKnownFileType = sourcecode.swift; path = User.swift; sourceTree = "<group>"; };
		A18B995128BFEF050077A5A6 /* JWT.swift */ = {isa = PBXFileReference; lastKnownFileType = sourcecode.swift; path = JWT.swift; sourceTree = "<group>"; };
		A18B995428BFF1D10077A5A6 /* User+Codable.swift */ = {isa = PBXFileReference; lastKnownFileType = sourcecode.swift; path = "User+Codable.swift"; sourceTree = "<group>"; };
		A18B995628BFF66C0077A5A6 /* Section+Decodable.swift */ = {isa = PBXFileReference; lastKnownFileType = sourcecode.swift; path = "Section+Decodable.swift"; sourceTree = "<group>"; };
		A18B995828BFF6A20077A5A6 /* Media+Decodable.swift */ = {isa = PBXFileReference; lastKnownFileType = sourcecode.swift; path = "Media+Decodable.swift"; sourceTree = "<group>"; };
		A18B995A28BFFB500077A5A6 /* Season+Decodable.swift */ = {isa = PBXFileReference; lastKnownFileType = sourcecode.swift; path = "Season+Decodable.swift"; sourceTree = "<group>"; };
		A18B995C28BFFBF30077A5A6 /* Episode+Decodable.swift */ = {isa = PBXFileReference; lastKnownFileType = sourcecode.swift; path = "Episode+Decodable.swift"; sourceTree = "<group>"; };
		A18B995F28BFFCA80077A5A6 /* Sectionable.swift */ = {isa = PBXFileReference; lastKnownFileType = sourcecode.swift; path = Sectionable.swift; sourceTree = "<group>"; };
		A18B996128BFFE2B0077A5A6 /* Mediable.swift */ = {isa = PBXFileReference; lastKnownFileType = sourcecode.swift; path = Mediable.swift; sourceTree = "<group>"; };
/* End PBXFileReference section */

/* Begin PBXFrameworksBuildPhase section */
		A18B98F528BEB62C0077A5A6 /* Frameworks */ = {
			isa = PBXFrameworksBuildPhase;
			buildActionMask = 2147483647;
			files = (
			);
			runOnlyForDeploymentPostprocessing = 0;
		};
/* End PBXFrameworksBuildPhase section */

/* Begin PBXGroup section */
		A18B98EF28BEB62C0077A5A6 = {
			isa = PBXGroup;
			children = (
				A18B98FA28BEB62C0077A5A6 /* netflix */,
				A18B98F928BEB62C0077A5A6 /* Products */,
			);
			sourceTree = "<group>";
		};
		A18B98F928BEB62C0077A5A6 /* Products */ = {
			isa = PBXGroup;
			children = (
				A18B98F828BEB62C0077A5A6 /* netflix.app */,
			);
			name = Products;
			sourceTree = "<group>";
		};
		A18B98FA28BEB62C0077A5A6 /* netflix */ = {
			isa = PBXGroup;
			children = (
				A18B991328BEB9760077A5A6 /* Application */,
				A18B991228BEB9490077A5A6 /* Presentation */,
				A18B991128BEB9460077A5A6 /* Domain */,
				A18B991028BEB9440077A5A6 /* Data */,
				A18B990F28BEB93F0077A5A6 /* Infrastructure */,
				A18B991428BEB9940077A5A6 /* Resources */,
			);
			path = netflix;
			sourceTree = "<group>";
		};
		A18B990F28BEB93F0077A5A6 /* Infrastructure */ = {
			isa = PBXGroup;
			children = (
			);
			path = Infrastructure;
			sourceTree = "<group>";
		};
		A18B991028BEB9440077A5A6 /* Data */ = {
			isa = PBXGroup;
			children = (
				A18B995E28BFFCA10077A5A6 /* Protocols */,
				A18B995328BFF1260077A5A6 /* Extensions */,
			);
			path = Data;
			sourceTree = "<group>";
		};
		A18B991128BEB9460077A5A6 /* Domain */ = {
			isa = PBXGroup;
			children = (
				A18B994028BFD96E0077A5A6 /* Entities */,
				A18B995028BFEEC70077A5A6 /* Interfaces */,
			);
			path = Domain;
			sourceTree = "<group>";
		};
		A18B991228BEB9490077A5A6 /* Presentation */ = {
			isa = PBXGroup;
			children = (
				A18B992828BEE73C0077A5A6 /* Flow */,
				A18B992728BEE7350077A5A6 /* Auth Scene */,
				A18B991528BEBB9C0077A5A6 /* Home Scene */,
				A18B993228BFC6FC0077A5A6 /* Utilities */,
			);
			path = Presentation;
			sourceTree = "<group>";
		};
		A18B991328BEB9760077A5A6 /* Application */ = {
			isa = PBXGroup;
			children = (
				A18B98FB28BEB62C0077A5A6 /* AppDelegate.swift */,
				A18B991628BEBD040077A5A6 /* AppConfiguration.swift */,
				A18B991A28BEC0580077A5A6 /* AppDependencies.swift */,
				A18B991828BEBE040077A5A6 /* AppFlowCoordinator.swift */,
				A18B98FD28BEB62C0077A5A6 /* SceneDelegate.swift */,
				A18B993028BEE9320077A5A6 /* SceneDependencies.swift */,
			);
			path = Application;
			sourceTree = "<group>";
		};
		A18B991428BEB9940077A5A6 /* Resources */ = {
			isa = PBXGroup;
			children = (
				A18B990428BEB62E0077A5A6 /* Assets.xcassets */,
				A18B990628BEB62E0077A5A6 /* LaunchScreen.storyboard */,
				A18B990928BEB62E0077A5A6 /* Info.plist */,
			);
			path = Resources;
			sourceTree = "<group>";
		};
		A18B991528BEBB9C0077A5A6 /* Home Scene */ = {
			isa = PBXGroup;
			children = (
				A18B992428BEC7860077A5A6 /* View */,
				A18B992328BEC7820077A5A6 /* ViewModel */,
				A18B993928BFC95A0077A5A6 /* Behaviors */,
			);
			path = "Home Scene";
			sourceTree = "<group>";
		};
		A18B992328BEC7820077A5A6 /* ViewModel */ = {
			isa = PBXGroup;
			children = (
			);
			path = ViewModel;
			sourceTree = "<group>";
		};
		A18B992428BEC7860077A5A6 /* View */ = {
			isa = PBXGroup;
			children = (
				A18B992528BEC7920077A5A6 /* HomeViewController.swift */,
			);
			path = View;
			sourceTree = "<group>";
		};
		A18B992728BEE7350077A5A6 /* Auth Scene */ = {
			isa = PBXGroup;
			children = (
				A18B992B28BEE7540077A5A6 /* View */,
				A18B992A28BEE7510077A5A6 /* ViewModel */,
			);
			path = "Auth Scene";
			sourceTree = "<group>";
		};
		A18B992828BEE73C0077A5A6 /* Flow */ = {
			isa = PBXGroup;
			children = (
				A18B992E28BEE7C10077A5A6 /* FlowCoordinator.swift */,
			);
			path = Flow;
			sourceTree = "<group>";
		};
		A18B992A28BEE7510077A5A6 /* ViewModel */ = {
			isa = PBXGroup;
			children = (
			);
			path = ViewModel;
			sourceTree = "<group>";
		};
		A18B992B28BEE7540077A5A6 /* View */ = {
			isa = PBXGroup;
			children = (
				A18B992C28BEE7990077A5A6 /* AuthViewController.swift */,
			);
			path = View;
			sourceTree = "<group>";
		};
		A18B993228BFC6FC0077A5A6 /* Utilities */ = {
			isa = PBXGroup;
			children = (
				A18B993428BFC7130077A5A6 /* Protocols */,
				A18B993328BFC70D0077A5A6 /* Extensions */,
			);
			path = Utilities;
			sourceTree = "<group>";
		};
		A18B993328BFC70D0077A5A6 /* Extensions */ = {
			isa = PBXGroup;
			children = (
				A18B993528BFC72E0077A5A6 /* UIViewController+AddChild.swift */,
				A18B993728BFC7820077A5A6 /* UIViewController+AddBehaviors.swift */,
				A18B993E28BFD77F0077A5A6 /* UIViewController+ActivityIndicator.swift */,
			);
			path = Extensions;
			sourceTree = "<group>";
		};
		A18B993428BFC7130077A5A6 /* Protocols */ = {
			isa = PBXGroup;
			children = (
			);
			path = Protocols;
			sourceTree = "<group>";
		};
		A18B993928BFC95A0077A5A6 /* Behaviors */ = {
			isa = PBXGroup;
			children = (
				A18B993A28BFC9700077A5A6 /* BackButtonEmptyTitleNavigationBarBehavior.swift */,
				A18B993C28BFC9A40077A5A6 /* BlackStyleNavigationBarBehavior.swift */,
			);
			path = Behaviors;
			sourceTree = "<group>";
		};
		A18B994028BFD96E0077A5A6 /* Entities */ = {
			isa = PBXGroup;
			children = (
				A18B994928BFD9DD0077A5A6 /* User.swift */,
				A18B994128BFD9C70077A5A6 /* Section.swift */,
				A18B994328BFD9CC0077A5A6 /* Media.swift */,
				A18B994528BFD9D50077A5A6 /* Season.swift */,
				A18B994728BFD9DA0077A5A6 /* Episode.swift */,
			);
			path = Entities;
			sourceTree = "<group>";
		};
		A18B995028BFEEC70077A5A6 /* Interfaces */ = {
			isa = PBXGroup;
			children = (
				A18B995128BFEF050077A5A6 /* JWT.swift */,
			);
			path = Interfaces;
			sourceTree = "<group>";
		};
		A18B995328BFF1260077A5A6 /* Extensions */ = {
			isa = PBXGroup;
			children = (
				A18B995428BFF1D10077A5A6 /* User+Codable.swift */,
				A18B995628BFF66C0077A5A6 /* Section+Decodable.swift */,
				A18B995828BFF6A20077A5A6 /* Media+Decodable.swift */,
				A18B995A28BFFB500077A5A6 /* Season+Decodable.swift */,
				A18B995C28BFFBF30077A5A6 /* Episode+Decodable.swift */,
			);
			path = Extensions;
			sourceTree = "<group>";
		};
		A18B995E28BFFCA10077A5A6 /* Protocols */ = {
			isa = PBXGroup;
			children = (
				A18B995F28BFFCA80077A5A6 /* Sectionable.swift */,
				A18B996128BFFE2B0077A5A6 /* Mediable.swift */,
			);
			path = Protocols;
			sourceTree = "<group>";
		};
/* End PBXGroup section */

/* Begin PBXNativeTarget section */
		A18B98F728BEB62C0077A5A6 /* netflix */ = {
			isa = PBXNativeTarget;
			buildConfigurationList = A18B990C28BEB62E0077A5A6 /* Build configuration list for PBXNativeTarget "netflix" */;
			buildPhases = (
				A18B98F428BEB62C0077A5A6 /* Sources */,
				A18B98F528BEB62C0077A5A6 /* Frameworks */,
				A18B98F628BEB62C0077A5A6 /* Resources */,
			);
			buildRules = (
			);
			dependencies = (
			);
			name = netflix;
			productName = netflix;
			productReference = A18B98F828BEB62C0077A5A6 /* netflix.app */;
			productType = "com.apple.product-type.application";
		};
/* End PBXNativeTarget section */

/* Begin PBXProject section */
		A18B98F028BEB62C0077A5A6 /* Project object */ = {
			isa = PBXProject;
			attributes = {
				BuildIndependentTargetsInParallel = 1;
				LastSwiftUpdateCheck = 1340;
				LastUpgradeCheck = 1340;
				TargetAttributes = {
					A18B98F728BEB62C0077A5A6 = {
						CreatedOnToolsVersion = 13.4.1;
					};
				};
			};
			buildConfigurationList = A18B98F328BEB62C0077A5A6 /* Build configuration list for PBXProject "netflix" */;
			compatibilityVersion = "Xcode 13.0";
			developmentRegion = en;
			hasScannedForEncodings = 0;
			knownRegions = (
				en,
				Base,
			);
			mainGroup = A18B98EF28BEB62C0077A5A6;
			productRefGroup = A18B98F928BEB62C0077A5A6 /* Products */;
			projectDirPath = "";
			projectRoot = "";
			targets = (
				A18B98F728BEB62C0077A5A6 /* netflix */,
			);
		};
/* End PBXProject section */

/* Begin PBXResourcesBuildPhase section */
		A18B98F628BEB62C0077A5A6 /* Resources */ = {
			isa = PBXResourcesBuildPhase;
			buildActionMask = 2147483647;
			files = (
				A18B990828BEB62E0077A5A6 /* LaunchScreen.storyboard in Resources */,
				A18B990528BEB62E0077A5A6 /* Assets.xcassets in Resources */,
			);
			runOnlyForDeploymentPostprocessing = 0;
		};
/* End PBXResourcesBuildPhase section */

/* Begin PBXSourcesBuildPhase section */
		A18B98F428BEB62C0077A5A6 /* Sources */ = {
			isa = PBXSourcesBuildPhase;
			buildActionMask = 2147483647;
			files = (
				A18B995D28BFFBF30077A5A6 /* Episode+Decodable.swift in Sources */,
				A18B994228BFD9C70077A5A6 /* Section.swift in Sources */,
				A18B991928BEBE040077A5A6 /* AppFlowCoordinator.swift in Sources */,
				A18B995528BFF1D10077A5A6 /* User+Codable.swift in Sources */,
				A18B993828BFC7820077A5A6 /* UIViewController+AddBehaviors.swift in Sources */,
				A18B991728BEBD040077A5A6 /* AppConfiguration.swift in Sources */,
				A18B993F28BFD77F0077A5A6 /* UIViewController+ActivityIndicator.swift in Sources */,
				A18B995228BFEF050077A5A6 /* JWT.swift in Sources */,
				A18B992628BEC7920077A5A6 /* HomeViewController.swift in Sources */,
				A18B994428BFD9CC0077A5A6 /* Media.swift in Sources */,
				A18B994828BFD9DA0077A5A6 /* Episode.swift in Sources */,
				A18B993628BFC72E0077A5A6 /* UIViewController+AddChild.swift in Sources */,
				A18B993B28BFC9700077A5A6 /* BackButtonEmptyTitleNavigationBarBehavior.swift in Sources */,
				A18B992F28BEE7C10077A5A6 /* FlowCoordinator.swift in Sources */,
				A18B993D28BFC9A40077A5A6 /* BlackStyleNavigationBarBehavior.swift in Sources */,
				A18B996028BFFCA80077A5A6 /* Sectionable.swift in Sources */,
				A18B98FC28BEB62C0077A5A6 /* AppDelegate.swift in Sources */,
				A18B991B28BEC0580077A5A6 /* AppDependencies.swift in Sources */,
				A18B995B28BFFB500077A5A6 /* Season+Decodable.swift in Sources */,
				A18B995928BFF6A20077A5A6 /* Media+Decodable.swift in Sources */,
				A18B993128BEE9320077A5A6 /* SceneDependencies.swift in Sources */,
				A18B992D28BEE7990077A5A6 /* AuthViewController.swift in Sources */,
				A18B98FE28BEB62C0077A5A6 /* SceneDelegate.swift in Sources */,
				A18B994628BFD9D50077A5A6 /* Season.swift in Sources */,
				A18B994A28BFD9DD0077A5A6 /* User.swift in Sources */,
				A18B995728BFF66C0077A5A6 /* Section+Decodable.swift in Sources */,
				A18B996228BFFE2B0077A5A6 /* Mediable.swift in Sources */,
			);
			runOnlyForDeploymentPostprocessing = 0;
		};
/* End PBXSourcesBuildPhase section */

/* Begin PBXVariantGroup section */
		A18B990628BEB62E0077A5A6 /* LaunchScreen.storyboard */ = {
			isa = PBXVariantGroup;
			children = (
				A18B990728BEB62E0077A5A6 /* Base */,
			);
			name = LaunchScreen.storyboard;
			sourceTree = "<group>";
		};
/* End PBXVariantGroup section */

/* Begin XCBuildConfiguration section */
		A18B990A28BEB62E0077A5A6 /* Debug */ = {
			isa = XCBuildConfiguration;
			buildSettings = {
				ALWAYS_SEARCH_USER_PATHS = NO;
				CLANG_ANALYZER_NONNULL = YES;
				CLANG_ANALYZER_NUMBER_OBJECT_CONVERSION = YES_AGGRESSIVE;
				CLANG_CXX_LANGUAGE_STANDARD = "gnu++17";
				CLANG_ENABLE_MODULES = YES;
				CLANG_ENABLE_OBJC_ARC = YES;
				CLANG_ENABLE_OBJC_WEAK = YES;
				CLANG_WARN_BLOCK_CAPTURE_AUTORELEASING = YES;
				CLANG_WARN_BOOL_CONVERSION = YES;
				CLANG_WARN_COMMA = YES;
				CLANG_WARN_CONSTANT_CONVERSION = YES;
				CLANG_WARN_DEPRECATED_OBJC_IMPLEMENTATIONS = YES;
				CLANG_WARN_DIRECT_OBJC_ISA_USAGE = YES_ERROR;
				CLANG_WARN_DOCUMENTATION_COMMENTS = YES;
				CLANG_WARN_EMPTY_BODY = YES;
				CLANG_WARN_ENUM_CONVERSION = YES;
				CLANG_WARN_INFINITE_RECURSION = YES;
				CLANG_WARN_INT_CONVERSION = YES;
				CLANG_WARN_NON_LITERAL_NULL_CONVERSION = YES;
				CLANG_WARN_OBJC_IMPLICIT_RETAIN_SELF = YES;
				CLANG_WARN_OBJC_LITERAL_CONVERSION = YES;
				CLANG_WARN_OBJC_ROOT_CLASS = YES_ERROR;
				CLANG_WARN_QUOTED_INCLUDE_IN_FRAMEWORK_HEADER = YES;
				CLANG_WARN_RANGE_LOOP_ANALYSIS = YES;
				CLANG_WARN_STRICT_PROTOTYPES = YES;
				CLANG_WARN_SUSPICIOUS_MOVE = YES;
				CLANG_WARN_UNGUARDED_AVAILABILITY = YES_AGGRESSIVE;
				CLANG_WARN_UNREACHABLE_CODE = YES;
				CLANG_WARN__DUPLICATE_METHOD_MATCH = YES;
				COPY_PHASE_STRIP = NO;
				DEBUG_INFORMATION_FORMAT = dwarf;
				ENABLE_STRICT_OBJC_MSGSEND = YES;
				ENABLE_TESTABILITY = YES;
				GCC_C_LANGUAGE_STANDARD = gnu11;
				GCC_DYNAMIC_NO_PIC = NO;
				GCC_NO_COMMON_BLOCKS = YES;
				GCC_OPTIMIZATION_LEVEL = 0;
				GCC_PREPROCESSOR_DEFINITIONS = (
					"DEBUG=1",
					"$(inherited)",
				);
				GCC_WARN_64_TO_32_BIT_CONVERSION = YES;
				GCC_WARN_ABOUT_RETURN_TYPE = YES_ERROR;
				GCC_WARN_UNDECLARED_SELECTOR = YES;
				GCC_WARN_UNINITIALIZED_AUTOS = YES_AGGRESSIVE;
				GCC_WARN_UNUSED_FUNCTION = YES;
				GCC_WARN_UNUSED_VARIABLE = YES;
				IPHONEOS_DEPLOYMENT_TARGET = 15.5;
				MTL_ENABLE_DEBUG_INFO = INCLUDE_SOURCE;
				MTL_FAST_MATH = YES;
				ONLY_ACTIVE_ARCH = YES;
				SDKROOT = iphoneos;
				SWIFT_ACTIVE_COMPILATION_CONDITIONS = DEBUG;
				SWIFT_OPTIMIZATION_LEVEL = "-Onone";
			};
			name = Debug;
		};
		A18B990B28BEB62E0077A5A6 /* Release */ = {
			isa = XCBuildConfiguration;
			buildSettings = {
				ALWAYS_SEARCH_USER_PATHS = NO;
				CLANG_ANALYZER_NONNULL = YES;
				CLANG_ANALYZER_NUMBER_OBJECT_CONVERSION = YES_AGGRESSIVE;
				CLANG_CXX_LANGUAGE_STANDARD = "gnu++17";
				CLANG_ENABLE_MODULES = YES;
				CLANG_ENABLE_OBJC_ARC = YES;
				CLANG_ENABLE_OBJC_WEAK = YES;
				CLANG_WARN_BLOCK_CAPTURE_AUTORELEASING = YES;
				CLANG_WARN_BOOL_CONVERSION = YES;
				CLANG_WARN_COMMA = YES;
				CLANG_WARN_CONSTANT_CONVERSION = YES;
				CLANG_WARN_DEPRECATED_OBJC_IMPLEMENTATIONS = YES;
				CLANG_WARN_DIRECT_OBJC_ISA_USAGE = YES_ERROR;
				CLANG_WARN_DOCUMENTATION_COMMENTS = YES;
				CLANG_WARN_EMPTY_BODY = YES;
				CLANG_WARN_ENUM_CONVERSION = YES;
				CLANG_WARN_INFINITE_RECURSION = YES;
				CLANG_WARN_INT_CONVERSION = YES;
				CLANG_WARN_NON_LITERAL_NULL_CONVERSION = YES;
				CLANG_WARN_OBJC_IMPLICIT_RETAIN_SELF = YES;
				CLANG_WARN_OBJC_LITERAL_CONVERSION = YES;
				CLANG_WARN_OBJC_ROOT_CLASS = YES_ERROR;
				CLANG_WARN_QUOTED_INCLUDE_IN_FRAMEWORK_HEADER = YES;
				CLANG_WARN_RANGE_LOOP_ANALYSIS = YES;
				CLANG_WARN_STRICT_PROTOTYPES = YES;
				CLANG_WARN_SUSPICIOUS_MOVE = YES;
				CLANG_WARN_UNGUARDED_AVAILABILITY = YES_AGGRESSIVE;
				CLANG_WARN_UNREACHABLE_CODE = YES;
				CLANG_WARN__DUPLICATE_METHOD_MATCH = YES;
				COPY_PHASE_STRIP = NO;
				DEBUG_INFORMATION_FORMAT = "dwarf-with-dsym";
				ENABLE_NS_ASSERTIONS = NO;
				ENABLE_STRICT_OBJC_MSGSEND = YES;
				GCC_C_LANGUAGE_STANDARD = gnu11;
				GCC_NO_COMMON_BLOCKS = YES;
				GCC_WARN_64_TO_32_BIT_CONVERSION = YES;
				GCC_WARN_ABOUT_RETURN_TYPE = YES_ERROR;
				GCC_WARN_UNDECLARED_SELECTOR = YES;
				GCC_WARN_UNINITIALIZED_AUTOS = YES_AGGRESSIVE;
				GCC_WARN_UNUSED_FUNCTION = YES;
				GCC_WARN_UNUSED_VARIABLE = YES;
				IPHONEOS_DEPLOYMENT_TARGET = 15.5;
				MTL_ENABLE_DEBUG_INFO = NO;
				MTL_FAST_MATH = YES;
				SDKROOT = iphoneos;
				SWIFT_COMPILATION_MODE = wholemodule;
				SWIFT_OPTIMIZATION_LEVEL = "-O";
				VALIDATE_PRODUCT = YES;
			};
			name = Release;
		};
		A18B990D28BEB62E0077A5A6 /* Debug */ = {
			isa = XCBuildConfiguration;
			buildSettings = {
				API_HOST = "netflix-swift-api.herokuapp.com";
				API_SCHEME = https;
				ASSETCATALOG_COMPILER_APPICON_NAME = AppIcon;
				ASSETCATALOG_COMPILER_GLOBAL_ACCENT_COLOR_NAME = AccentColor;
				CODE_SIGN_STYLE = Automatic;
				CURRENT_PROJECT_VERSION = 1;
				GENERATE_INFOPLIST_FILE = YES;
				INFOPLIST_FILE = netflix/Resources/Info.plist;
				INFOPLIST_KEY_UIApplicationSupportsIndirectInputEvents = YES;
				INFOPLIST_KEY_UILaunchStoryboardName = LaunchScreen;
				INFOPLIST_KEY_UISupportedInterfaceOrientations_iPad = "UIInterfaceOrientationPortrait UIInterfaceOrientationPortraitUpsideDown UIInterfaceOrientationLandscapeLeft UIInterfaceOrientationLandscapeRight";
				INFOPLIST_KEY_UISupportedInterfaceOrientations_iPhone = "UIInterfaceOrientationPortrait UIInterfaceOrientationLandscapeLeft UIInterfaceOrientationLandscapeRight";
				IPHONEOS_DEPLOYMENT_TARGET = 13.0;
				LD_RUNPATH_SEARCH_PATHS = (
					"$(inherited)",
					"@executable_path/Frameworks",
				);
				MARKETING_VERSION = 1.0;
				PRODUCT_BUNDLE_IDENTIFIER = com.bazovzach.netflix;
				PRODUCT_NAME = "$(TARGET_NAME)";
				SWIFT_EMIT_LOC_STRINGS = YES;
				SWIFT_VERSION = 5.0;
				TARGETED_DEVICE_FAMILY = "1,2";
			};
			name = Debug;
		};
		A18B990E28BEB62E0077A5A6 /* Release */ = {
			isa = XCBuildConfiguration;
			buildSettings = {
				API_HOST = "netflix-swift-api.herokuapp.com";
				API_SCHEME = https;
				ASSETCATALOG_COMPILER_APPICON_NAME = AppIcon;
				ASSETCATALOG_COMPILER_GLOBAL_ACCENT_COLOR_NAME = AccentColor;
				CODE_SIGN_STYLE = Automatic;
				CURRENT_PROJECT_VERSION = 1;
				GENERATE_INFOPLIST_FILE = YES;
				INFOPLIST_FILE = netflix/Resources/Info.plist;
				INFOPLIST_KEY_UIApplicationSupportsIndirectInputEvents = YES;
				INFOPLIST_KEY_UILaunchStoryboardName = LaunchScreen;
				INFOPLIST_KEY_UISupportedInterfaceOrientations_iPad = "UIInterfaceOrientationPortrait UIInterfaceOrientationPortraitUpsideDown UIInterfaceOrientationLandscapeLeft UIInterfaceOrientationLandscapeRight";
				INFOPLIST_KEY_UISupportedInterfaceOrientations_iPhone = "UIInterfaceOrientationPortrait UIInterfaceOrientationLandscapeLeft UIInterfaceOrientationLandscapeRight";
				IPHONEOS_DEPLOYMENT_TARGET = 13.0;
				LD_RUNPATH_SEARCH_PATHS = (
					"$(inherited)",
					"@executable_path/Frameworks",
				);
				MARKETING_VERSION = 1.0;
				PRODUCT_BUNDLE_IDENTIFIER = com.bazovzach.netflix;
				PRODUCT_NAME = "$(TARGET_NAME)";
				SWIFT_EMIT_LOC_STRINGS = YES;
				SWIFT_VERSION = 5.0;
				TARGETED_DEVICE_FAMILY = "1,2";
			};
			name = Release;
		};
/* End XCBuildConfiguration section */

/* Begin XCConfigurationList section */
		A18B98F328BEB62C0077A5A6 /* Build configuration list for PBXProject "netflix" */ = {
			isa = XCConfigurationList;
			buildConfigurations = (
				A18B990A28BEB62E0077A5A6 /* Debug */,
				A18B990B28BEB62E0077A5A6 /* Release */,
			);
			defaultConfigurationIsVisible = 0;
			defaultConfigurationName = Release;
		};
		A18B990C28BEB62E0077A5A6 /* Build configuration list for PBXNativeTarget "netflix" */ = {
			isa = XCConfigurationList;
			buildConfigurations = (
				A18B990D28BEB62E0077A5A6 /* Debug */,
				A18B990E28BEB62E0077A5A6 /* Release */,
			);
			defaultConfigurationIsVisible = 0;
			defaultConfigurationName = Release;
		};
/* End XCConfigurationList section */
	};
	rootObject = A18B98F028BEB62C0077A5A6 /* Project object */;
}
