// !$*UTF8*$!
{
	archiveVersion = 1;
	classes = {
	};
	objectVersion = 55;
	objects = {

/* Begin PBXBuildFile section */
		A18691B728C698B50087DE3B /* UIColor+HEXColor.swift in Sources */ = {isa = PBXBuildFile; fileRef = A18691B628C698B50087DE3B /* UIColor+HEXColor.swift */; };
		A18691B928C698BB0087DE3B /* UIColor+RGBColor.swift in Sources */ = {isa = PBXBuildFile; fileRef = A18691B828C698BB0087DE3B /* UIColor+RGBColor.swift */; };
		A18691BC28C6ED070087DE3B /* TabBarFlowCoordinator.swift in Sources */ = {isa = PBXBuildFile; fileRef = A18691BB28C6ED070087DE3B /* TabBarFlowCoordinator.swift */; };
		A18691BE28C764600087DE3B /* UIBarButtonItem+AddTarget.swift in Sources */ = {isa = PBXBuildFile; fileRef = A18691BD28C764600087DE3B /* UIBarButtonItem+AddTarget.swift */; };
		A18691C028C772FA0087DE3B /* UIViewController+SceneDelegate.swift in Sources */ = {isa = PBXBuildFile; fileRef = A18691BF28C772FA0087DE3B /* UIViewController+SceneDelegate.swift */; };
		A18691C328C7782B0087DE3B /* HomeTabBarController.swift in Sources */ = {isa = PBXBuildFile; fileRef = A18691C228C7782B0087DE3B /* HomeTabBarController.swift */; };
		A18B98FC28BEB62C0077A5A6 /* AppDelegate.swift in Sources */ = {isa = PBXBuildFile; fileRef = A18B98FB28BEB62C0077A5A6 /* AppDelegate.swift */; };
		A18B98FE28BEB62C0077A5A6 /* SceneDelegate.swift in Sources */ = {isa = PBXBuildFile; fileRef = A18B98FD28BEB62C0077A5A6 /* SceneDelegate.swift */; };
		A18B990528BEB62E0077A5A6 /* Assets.xcassets in Resources */ = {isa = PBXBuildFile; fileRef = A18B990428BEB62E0077A5A6 /* Assets.xcassets */; };
		A18B990828BEB62E0077A5A6 /* LaunchScreen.storyboard in Resources */ = {isa = PBXBuildFile; fileRef = A18B990628BEB62E0077A5A6 /* LaunchScreen.storyboard */; };
		A18B991728BEBD040077A5A6 /* AppConfiguration.swift in Sources */ = {isa = PBXBuildFile; fileRef = A18B991628BEBD040077A5A6 /* AppConfiguration.swift */; };
		A18B991928BEBE040077A5A6 /* AppFlowCoordinator.swift in Sources */ = {isa = PBXBuildFile; fileRef = A18B991828BEBE040077A5A6 /* AppFlowCoordinator.swift */; };
		A18B991B28BEC0580077A5A6 /* AppDependencies.swift in Sources */ = {isa = PBXBuildFile; fileRef = A18B991A28BEC0580077A5A6 /* AppDependencies.swift */; };
		A18B992628BEC7920077A5A6 /* HomeTableViewController.swift in Sources */ = {isa = PBXBuildFile; fileRef = A18B992528BEC7920077A5A6 /* HomeTableViewController.swift */; };
		A18B992D28BEE7990077A5A6 /* AuthViewController.swift in Sources */ = {isa = PBXBuildFile; fileRef = A18B992C28BEE7990077A5A6 /* AuthViewController.swift */; };
		A18B992F28BEE7C10077A5A6 /* AuthFlowCoordinator.swift in Sources */ = {isa = PBXBuildFile; fileRef = A18B992E28BEE7C10077A5A6 /* AuthFlowCoordinator.swift */; };
		A18B993128BEE9320077A5A6 /* SceneDependencies.swift in Sources */ = {isa = PBXBuildFile; fileRef = A18B993028BEE9320077A5A6 /* SceneDependencies.swift */; };
		A18B993628BFC72E0077A5A6 /* UIViewController+AddChild.swift in Sources */ = {isa = PBXBuildFile; fileRef = A18B993528BFC72E0077A5A6 /* UIViewController+AddChild.swift */; };
		A18B993828BFC7820077A5A6 /* UIViewController+AddBehaviors.swift in Sources */ = {isa = PBXBuildFile; fileRef = A18B993728BFC7820077A5A6 /* UIViewController+AddBehaviors.swift */; };
		A18B993B28BFC9700077A5A6 /* BackButtonEmptyTitleNavigationBarBehavior.swift in Sources */ = {isa = PBXBuildFile; fileRef = A18B993A28BFC9700077A5A6 /* BackButtonEmptyTitleNavigationBarBehavior.swift */; };
		A18B993D28BFC9A40077A5A6 /* BlackStyleNavigationBarBehavior.swift in Sources */ = {isa = PBXBuildFile; fileRef = A18B993C28BFC9A40077A5A6 /* BlackStyleNavigationBarBehavior.swift */; };
		A18B993F28BFD77F0077A5A6 /* UIViewController+ActivityIndicator.swift in Sources */ = {isa = PBXBuildFile; fileRef = A18B993E28BFD77F0077A5A6 /* UIViewController+ActivityIndicator.swift */; };
		A18B994228BFD9C70077A5A6 /* Section.swift in Sources */ = {isa = PBXBuildFile; fileRef = A18B994128BFD9C70077A5A6 /* Section.swift */; };
		A18B994428BFD9CC0077A5A6 /* Media.swift in Sources */ = {isa = PBXBuildFile; fileRef = A18B994328BFD9CC0077A5A6 /* Media.swift */; };
		A18B994628BFD9D50077A5A6 /* Season.swift in Sources */ = {isa = PBXBuildFile; fileRef = A18B994528BFD9D50077A5A6 /* Season.swift */; };
		A18B994828BFD9DA0077A5A6 /* Episode.swift in Sources */ = {isa = PBXBuildFile; fileRef = A18B994728BFD9DA0077A5A6 /* Episode.swift */; };
		A18B994A28BFD9DD0077A5A6 /* User.swift in Sources */ = {isa = PBXBuildFile; fileRef = A18B994928BFD9DD0077A5A6 /* User.swift */; };
		A18B995528BFF1D10077A5A6 /* UserDTO+Mapping.swift in Sources */ = {isa = PBXBuildFile; fileRef = A18B995428BFF1D10077A5A6 /* UserDTO+Mapping.swift */; };
		A18B995728BFF66C0077A5A6 /* SectionDTO+Mapping.swift in Sources */ = {isa = PBXBuildFile; fileRef = A18B995628BFF66C0077A5A6 /* SectionDTO+Mapping.swift */; };
		A18B995928BFF6A20077A5A6 /* MediaDTO+Mapping.swift in Sources */ = {isa = PBXBuildFile; fileRef = A18B995828BFF6A20077A5A6 /* MediaDTO+Mapping.swift */; };
		A18B995B28BFFB500077A5A6 /* SeasonDTO+Mapping.swift in Sources */ = {isa = PBXBuildFile; fileRef = A18B995A28BFFB500077A5A6 /* SeasonDTO+Mapping.swift */; };
		A18B995D28BFFBF30077A5A6 /* EpisodeDTO+Mapping.swift in Sources */ = {isa = PBXBuildFile; fileRef = A18B995C28BFFBF30077A5A6 /* EpisodeDTO+Mapping.swift */; };
		A18B996028BFFCA80077A5A6 /* Sectionable.swift in Sources */ = {isa = PBXBuildFile; fileRef = A18B995F28BFFCA80077A5A6 /* Sectionable.swift */; };
		A18B996228BFFE2B0077A5A6 /* Mediable.swift in Sources */ = {isa = PBXBuildFile; fileRef = A18B996128BFFE2B0077A5A6 /* Mediable.swift */; };
		A18B996728C00F5C0077A5A6 /* TVShowsRepository.swift in Sources */ = {isa = PBXBuildFile; fileRef = A18B996628C00F5C0077A5A6 /* TVShowsRepository.swift */; };
		A18B996928C00F660077A5A6 /* MoviesRepository.swift in Sources */ = {isa = PBXBuildFile; fileRef = A18B996828C00F660077A5A6 /* MoviesRepository.swift */; };
		A18B996B28C00F6E0077A5A6 /* AuthRepository.swift in Sources */ = {isa = PBXBuildFile; fileRef = A18B996A28C00F6E0077A5A6 /* AuthRepository.swift */; };
		A18B996D28C00F7C0077A5A6 /* SectionsRepository.swift in Sources */ = {isa = PBXBuildFile; fileRef = A18B996C28C00F7C0077A5A6 /* SectionsRepository.swift */; };
		A18B996F28C00F850077A5A6 /* SeasonsRepository.swift in Sources */ = {isa = PBXBuildFile; fileRef = A18B996E28C00F850077A5A6 /* SeasonsRepository.swift */; };
		A18B997128C00F890077A5A6 /* EpisodesRepository.swift in Sources */ = {isa = PBXBuildFile; fileRef = A18B997028C00F890077A5A6 /* EpisodesRepository.swift */; };
		A18B997328C00F8E0077A5A6 /* UsersRepository.swift in Sources */ = {isa = PBXBuildFile; fileRef = A18B997228C00F8E0077A5A6 /* UsersRepository.swift */; };
		A18B997628C0119A0077A5A6 /* NetworkConfig.swift in Sources */ = {isa = PBXBuildFile; fileRef = A18B997528C0119A0077A5A6 /* NetworkConfig.swift */; };
		A18B997828C020FC0077A5A6 /* NetworkService.swift in Sources */ = {isa = PBXBuildFile; fileRef = A18B997728C020FC0077A5A6 /* NetworkService.swift */; };
		A18B997A28C0244D0077A5A6 /* Endpoint.swift in Sources */ = {isa = PBXBuildFile; fileRef = A18B997928C0244D0077A5A6 /* Endpoint.swift */; };
		A18B997C28C029A30077A5A6 /* DataTransferService.swift in Sources */ = {isa = PBXBuildFile; fileRef = A18B997B28C029A30077A5A6 /* DataTransferService.swift */; };
		A18B997E28C03BB10077A5A6 /* Observable.swift in Sources */ = {isa = PBXBuildFile; fileRef = A18B997D28C03BB10077A5A6 /* Observable.swift */; };
		A18B998028C03CA20077A5A6 /* JWT.swift in Sources */ = {isa = PBXBuildFile; fileRef = A18B997F28C03CA20077A5A6 /* JWT.swift */; };
		A18B998428C03E1C0077A5A6 /* CoreDataStorage.swift in Sources */ = {isa = PBXBuildFile; fileRef = A18B998328C03E1C0077A5A6 /* CoreDataStorage.swift */; };
		A18B998728C03F050077A5A6 /* CoreDataStorage.xcdatamodeld in Sources */ = {isa = PBXBuildFile; fileRef = A18B998528C03F050077A5A6 /* CoreDataStorage.xcdatamodeld */; };
		A18B998A28C040A70077A5A6 /* Cancellable.swift in Sources */ = {isa = PBXBuildFile; fileRef = A18B998928C040A70077A5A6 /* Cancellable.swift */; };
		A18B998D28C0426E0077A5A6 /* RepositoryTask.swift in Sources */ = {isa = PBXBuildFile; fileRef = A18B998C28C0426E0077A5A6 /* RepositoryTask.swift */; };
		A18B998F28C06A200077A5A6 /* AuthUseCase.swift in Sources */ = {isa = PBXBuildFile; fileRef = A18B998E28C06A200077A5A6 /* AuthUseCase.swift */; };
		A18B999228C0DE710077A5A6 /* APIEndpoint.swift in Sources */ = {isa = PBXBuildFile; fileRef = A18B999128C0DE710077A5A6 /* APIEndpoint.swift */; };
		A18B999628C0DFB90077A5A6 /* AuthRequestDTO.swift in Sources */ = {isa = PBXBuildFile; fileRef = A18B999528C0DFB90077A5A6 /* AuthRequestDTO.swift */; };
		A18B999828C0DFC00077A5A6 /* AuthResponseDTO.swift in Sources */ = {isa = PBXBuildFile; fileRef = A18B999728C0DFC00077A5A6 /* AuthResponseDTO.swift */; };
		A18B999C28C0E67D0077A5A6 /* AuthResponseStorage.swift in Sources */ = {isa = PBXBuildFile; fileRef = A18B999B28C0E67D0077A5A6 /* AuthResponseStorage.swift */; };
		A18B999E28C0E6D80077A5A6 /* CoreDataAuthResponseStorage.swift in Sources */ = {isa = PBXBuildFile; fileRef = A18B999D28C0E6D80077A5A6 /* CoreDataAuthResponseStorage.swift */; };
		A18B99A128C0FEC40077A5A6 /* AuthResponseEntity+Mapping.swift in Sources */ = {isa = PBXBuildFile; fileRef = A18B99A028C0FEC40077A5A6 /* AuthResponseEntity+Mapping.swift */; };
		A196AE0928C140A300C5D733 /* AnyTransformer.swift in Sources */ = {isa = PBXBuildFile; fileRef = A196AE0828C140A300C5D733 /* AnyTransformer.swift */; };
		A196AE0C28C1571600C5D733 /* AuthQuery.swift in Sources */ = {isa = PBXBuildFile; fileRef = A196AE0B28C1571600C5D733 /* AuthQuery.swift */; };
		A1B3F98A28C54F510042DE9F /* DefaultAuthRepository.swift in Sources */ = {isa = PBXBuildFile; fileRef = A1B3F98928C54F510042DE9F /* DefaultAuthRepository.swift */; };
		A1B3F98C28C55B500042DE9F /* HomeViewModel.swift in Sources */ = {isa = PBXBuildFile; fileRef = A1B3F98B28C55B500042DE9F /* HomeViewModel.swift */; };
		A1B3F98E28C55E150042DE9F /* StoryboardInstantiable.swift in Sources */ = {isa = PBXBuildFile; fileRef = A1B3F98D28C55E150042DE9F /* StoryboardInstantiable.swift */; };
		A1B3F99028C5605B0042DE9F /* HomeTabBarController.storyboard in Resources */ = {isa = PBXBuildFile; fileRef = A1B3F98F28C5605B0042DE9F /* HomeTabBarController.storyboard */; };
		A1B3F99228C5755D0042DE9F /* AuthViewController.storyboard in Resources */ = {isa = PBXBuildFile; fileRef = A1B3F99128C5755D0042DE9F /* AuthViewController.storyboard */; };
		A1B3F99428C575A30042DE9F /* AuthViewModel.swift in Sources */ = {isa = PBXBuildFile; fileRef = A1B3F99328C575A30042DE9F /* AuthViewModel.swift */; };
		A1B3F99828C6278A0042DE9F /* SignUpViewController.swift in Sources */ = {isa = PBXBuildFile; fileRef = A1B3F99728C6278A0042DE9F /* SignUpViewController.swift */; };
		A1B3F99D28C631F90042DE9F /* SignInViewController.swift in Sources */ = {isa = PBXBuildFile; fileRef = A1B3F99C28C631F90042DE9F /* SignInViewController.swift */; };
		A1B3F9A128C63BC70042DE9F /* Nibable.swift in Sources */ = {isa = PBXBuildFile; fileRef = A1B3F9A028C63BC70042DE9F /* Nibable.swift */; };
		A1F56A5C28C668100089BD4F /* AppAppearance.swift in Sources */ = {isa = PBXBuildFile; fileRef = A1F56A5B28C668100089BD4F /* AppAppearance.swift */; };
		A1F56A5E28C679980089BD4F /* UIView+AddGradientLayer.swift in Sources */ = {isa = PBXBuildFile; fileRef = A1F56A5D28C679980089BD4F /* UIView+AddGradientLayer.swift */; };
		A1F56A6728C68EAD0089BD4F /* NavigationBarTitleView.swift in Sources */ = {isa = PBXBuildFile; fileRef = A1F56A6628C68EAD0089BD4F /* NavigationBarTitleView.swift */; };
		A1F56A6928C68FB10089BD4F /* NSAttributedString+Attributes.swift in Sources */ = {isa = PBXBuildFile; fileRef = A1F56A6828C68FB10089BD4F /* NSAttributedString+Attributes.swift */; };
		A1F56A6B28C6934B0089BD4F /* UIButton+SetLayerBorder.swift in Sources */ = {isa = PBXBuildFile; fileRef = A1F56A6A28C6934B0089BD4F /* UIButton+SetLayerBorder.swift */; };
		A1F56A6D28C695D60089BD4F /* UIViewController+SetAttributes.swift in Sources */ = {isa = PBXBuildFile; fileRef = A1F56A6C28C695D60089BD4F /* UIViewController+SetAttributes.swift */; };
		A1F56A6F28C695FC0089BD4F /* UITextField+SetPlaceholderAttributes.swift in Sources */ = {isa = PBXBuildFile; fileRef = A1F56A6E28C695FC0089BD4F /* UITextField+SetPlaceholderAttributes.swift */; };
/* End PBXBuildFile section */

/* Begin PBXFileReference section */
		A18691B628C698B50087DE3B /* UIColor+HEXColor.swift */ = {isa = PBXFileReference; lastKnownFileType = sourcecode.swift; path = "UIColor+HEXColor.swift"; sourceTree = "<group>"; };
		A18691B828C698BB0087DE3B /* UIColor+RGBColor.swift */ = {isa = PBXFileReference; lastKnownFileType = sourcecode.swift; path = "UIColor+RGBColor.swift"; sourceTree = "<group>"; };
		A18691BB28C6ED070087DE3B /* TabBarFlowCoordinator.swift */ = {isa = PBXFileReference; lastKnownFileType = sourcecode.swift; path = TabBarFlowCoordinator.swift; sourceTree = "<group>"; };
		A18691BD28C764600087DE3B /* UIBarButtonItem+AddTarget.swift */ = {isa = PBXFileReference; lastKnownFileType = sourcecode.swift; path = "UIBarButtonItem+AddTarget.swift"; sourceTree = "<group>"; };
		A18691BF28C772FA0087DE3B /* UIViewController+SceneDelegate.swift */ = {isa = PBXFileReference; lastKnownFileType = sourcecode.swift; path = "UIViewController+SceneDelegate.swift"; sourceTree = "<group>"; };
		A18691C228C7782B0087DE3B /* HomeTabBarController.swift */ = {isa = PBXFileReference; lastKnownFileType = sourcecode.swift; path = HomeTabBarController.swift; sourceTree = "<group>"; };
		A18B98F828BEB62C0077A5A6 /* netflix.app */ = {isa = PBXFileReference; explicitFileType = wrapper.application; includeInIndex = 0; path = netflix.app; sourceTree = BUILT_PRODUCTS_DIR; };
		A18B98FB28BEB62C0077A5A6 /* AppDelegate.swift */ = {isa = PBXFileReference; lastKnownFileType = sourcecode.swift; path = AppDelegate.swift; sourceTree = "<group>"; };
		A18B98FD28BEB62C0077A5A6 /* SceneDelegate.swift */ = {isa = PBXFileReference; lastKnownFileType = sourcecode.swift; path = SceneDelegate.swift; sourceTree = "<group>"; };
		A18B990428BEB62E0077A5A6 /* Assets.xcassets */ = {isa = PBXFileReference; lastKnownFileType = folder.assetcatalog; path = Assets.xcassets; sourceTree = "<group>"; };
		A18B990728BEB62E0077A5A6 /* Base */ = {isa = PBXFileReference; lastKnownFileType = file.storyboard; name = Base; path = Base.lproj/LaunchScreen.storyboard; sourceTree = "<group>"; };
		A18B990928BEB62E0077A5A6 /* Info.plist */ = {isa = PBXFileReference; lastKnownFileType = text.plist.xml; path = Info.plist; sourceTree = "<group>"; };
		A18B991628BEBD040077A5A6 /* AppConfiguration.swift */ = {isa = PBXFileReference; lastKnownFileType = sourcecode.swift; path = AppConfiguration.swift; sourceTree = "<group>"; };
		A18B991828BEBE040077A5A6 /* AppFlowCoordinator.swift */ = {isa = PBXFileReference; lastKnownFileType = sourcecode.swift; path = AppFlowCoordinator.swift; sourceTree = "<group>"; };
		A18B991A28BEC0580077A5A6 /* AppDependencies.swift */ = {isa = PBXFileReference; lastKnownFileType = sourcecode.swift; path = AppDependencies.swift; sourceTree = "<group>"; };
		A18B992528BEC7920077A5A6 /* HomeTableViewController.swift */ = {isa = PBXFileReference; lastKnownFileType = sourcecode.swift; path = HomeTableViewController.swift; sourceTree = "<group>"; };
		A18B992C28BEE7990077A5A6 /* AuthViewController.swift */ = {isa = PBXFileReference; lastKnownFileType = sourcecode.swift; path = AuthViewController.swift; sourceTree = "<group>"; };
		A18B992E28BEE7C10077A5A6 /* AuthFlowCoordinator.swift */ = {isa = PBXFileReference; lastKnownFileType = sourcecode.swift; path = AuthFlowCoordinator.swift; sourceTree = "<group>"; };
		A18B993028BEE9320077A5A6 /* SceneDependencies.swift */ = {isa = PBXFileReference; lastKnownFileType = sourcecode.swift; path = SceneDependencies.swift; sourceTree = "<group>"; };
		A18B993528BFC72E0077A5A6 /* UIViewController+AddChild.swift */ = {isa = PBXFileReference; lastKnownFileType = sourcecode.swift; path = "UIViewController+AddChild.swift"; sourceTree = "<group>"; };
		A18B993728BFC7820077A5A6 /* UIViewController+AddBehaviors.swift */ = {isa = PBXFileReference; lastKnownFileType = sourcecode.swift; path = "UIViewController+AddBehaviors.swift"; sourceTree = "<group>"; };
		A18B993A28BFC9700077A5A6 /* BackButtonEmptyTitleNavigationBarBehavior.swift */ = {isa = PBXFileReference; lastKnownFileType = sourcecode.swift; path = BackButtonEmptyTitleNavigationBarBehavior.swift; sourceTree = "<group>"; };
		A18B993C28BFC9A40077A5A6 /* BlackStyleNavigationBarBehavior.swift */ = {isa = PBXFileReference; lastKnownFileType = sourcecode.swift; path = BlackStyleNavigationBarBehavior.swift; sourceTree = "<group>"; };
		A18B993E28BFD77F0077A5A6 /* UIViewController+ActivityIndicator.swift */ = {isa = PBXFileReference; lastKnownFileType = sourcecode.swift; path = "UIViewController+ActivityIndicator.swift"; sourceTree = "<group>"; };
		A18B994128BFD9C70077A5A6 /* Section.swift */ = {isa = PBXFileReference; lastKnownFileType = sourcecode.swift; path = Section.swift; sourceTree = "<group>"; };
		A18B994328BFD9CC0077A5A6 /* Media.swift */ = {isa = PBXFileReference; lastKnownFileType = sourcecode.swift; path = Media.swift; sourceTree = "<group>"; };
		A18B994528BFD9D50077A5A6 /* Season.swift */ = {isa = PBXFileReference; lastKnownFileType = sourcecode.swift; path = Season.swift; sourceTree = "<group>"; };
		A18B994728BFD9DA0077A5A6 /* Episode.swift */ = {isa = PBXFileReference; lastKnownFileType = sourcecode.swift; path = Episode.swift; sourceTree = "<group>"; };
		A18B994928BFD9DD0077A5A6 /* User.swift */ = {isa = PBXFileReference; lastKnownFileType = sourcecode.swift; path = User.swift; sourceTree = "<group>"; };
		A18B995428BFF1D10077A5A6 /* UserDTO+Mapping.swift */ = {isa = PBXFileReference; lastKnownFileType = sourcecode.swift; path = "UserDTO+Mapping.swift"; sourceTree = "<group>"; };
		A18B995628BFF66C0077A5A6 /* SectionDTO+Mapping.swift */ = {isa = PBXFileReference; lastKnownFileType = sourcecode.swift; path = "SectionDTO+Mapping.swift"; sourceTree = "<group>"; };
		A18B995828BFF6A20077A5A6 /* MediaDTO+Mapping.swift */ = {isa = PBXFileReference; lastKnownFileType = sourcecode.swift; path = "MediaDTO+Mapping.swift"; sourceTree = "<group>"; };
		A18B995A28BFFB500077A5A6 /* SeasonDTO+Mapping.swift */ = {isa = PBXFileReference; lastKnownFileType = sourcecode.swift; path = "SeasonDTO+Mapping.swift"; sourceTree = "<group>"; };
		A18B995C28BFFBF30077A5A6 /* EpisodeDTO+Mapping.swift */ = {isa = PBXFileReference; lastKnownFileType = sourcecode.swift; path = "EpisodeDTO+Mapping.swift"; sourceTree = "<group>"; };
		A18B995F28BFFCA80077A5A6 /* Sectionable.swift */ = {isa = PBXFileReference; lastKnownFileType = sourcecode.swift; path = Sectionable.swift; sourceTree = "<group>"; };
		A18B996128BFFE2B0077A5A6 /* Mediable.swift */ = {isa = PBXFileReference; lastKnownFileType = sourcecode.swift; path = Mediable.swift; sourceTree = "<group>"; };
		A18B996628C00F5C0077A5A6 /* TVShowsRepository.swift */ = {isa = PBXFileReference; lastKnownFileType = sourcecode.swift; path = TVShowsRepository.swift; sourceTree = "<group>"; };
		A18B996828C00F660077A5A6 /* MoviesRepository.swift */ = {isa = PBXFileReference; lastKnownFileType = sourcecode.swift; path = MoviesRepository.swift; sourceTree = "<group>"; };
		A18B996A28C00F6E0077A5A6 /* AuthRepository.swift */ = {isa = PBXFileReference; lastKnownFileType = sourcecode.swift; path = AuthRepository.swift; sourceTree = "<group>"; };
		A18B996C28C00F7C0077A5A6 /* SectionsRepository.swift */ = {isa = PBXFileReference; lastKnownFileType = sourcecode.swift; path = SectionsRepository.swift; sourceTree = "<group>"; };
		A18B996E28C00F850077A5A6 /* SeasonsRepository.swift */ = {isa = PBXFileReference; lastKnownFileType = sourcecode.swift; path = SeasonsRepository.swift; sourceTree = "<group>"; };
		A18B997028C00F890077A5A6 /* EpisodesRepository.swift */ = {isa = PBXFileReference; lastKnownFileType = sourcecode.swift; path = EpisodesRepository.swift; sourceTree = "<group>"; };
		A18B997228C00F8E0077A5A6 /* UsersRepository.swift */ = {isa = PBXFileReference; lastKnownFileType = sourcecode.swift; path = UsersRepository.swift; sourceTree = "<group>"; };
		A18B997528C0119A0077A5A6 /* NetworkConfig.swift */ = {isa = PBXFileReference; lastKnownFileType = sourcecode.swift; path = NetworkConfig.swift; sourceTree = "<group>"; };
		A18B997728C020FC0077A5A6 /* NetworkService.swift */ = {isa = PBXFileReference; lastKnownFileType = sourcecode.swift; path = NetworkService.swift; sourceTree = "<group>"; };
		A18B997928C0244D0077A5A6 /* Endpoint.swift */ = {isa = PBXFileReference; lastKnownFileType = sourcecode.swift; path = Endpoint.swift; sourceTree = "<group>"; };
		A18B997B28C029A30077A5A6 /* DataTransferService.swift */ = {isa = PBXFileReference; lastKnownFileType = sourcecode.swift; path = DataTransferService.swift; sourceTree = "<group>"; };
		A18B997D28C03BB10077A5A6 /* Observable.swift */ = {isa = PBXFileReference; lastKnownFileType = sourcecode.swift; path = Observable.swift; sourceTree = "<group>"; };
		A18B997F28C03CA20077A5A6 /* JWT.swift */ = {isa = PBXFileReference; lastKnownFileType = sourcecode.swift; path = JWT.swift; sourceTree = "<group>"; };
		A18B998328C03E1C0077A5A6 /* CoreDataStorage.swift */ = {isa = PBXFileReference; lastKnownFileType = sourcecode.swift; path = CoreDataStorage.swift; sourceTree = "<group>"; };
		A18B998628C03F050077A5A6 /* CoreDataStorage.xcdatamodel */ = {isa = PBXFileReference; lastKnownFileType = wrapper.xcdatamodel; path = CoreDataStorage.xcdatamodel; sourceTree = "<group>"; };
		A18B998928C040A70077A5A6 /* Cancellable.swift */ = {isa = PBXFileReference; lastKnownFileType = sourcecode.swift; path = Cancellable.swift; sourceTree = "<group>"; };
		A18B998C28C0426E0077A5A6 /* RepositoryTask.swift */ = {isa = PBXFileReference; lastKnownFileType = sourcecode.swift; path = RepositoryTask.swift; sourceTree = "<group>"; };
		A18B998E28C06A200077A5A6 /* AuthUseCase.swift */ = {isa = PBXFileReference; lastKnownFileType = sourcecode.swift; path = AuthUseCase.swift; sourceTree = "<group>"; };
		A18B999128C0DE710077A5A6 /* APIEndpoint.swift */ = {isa = PBXFileReference; lastKnownFileType = sourcecode.swift; path = APIEndpoint.swift; sourceTree = "<group>"; };
		A18B999528C0DFB90077A5A6 /* AuthRequestDTO.swift */ = {isa = PBXFileReference; lastKnownFileType = sourcecode.swift; path = AuthRequestDTO.swift; sourceTree = "<group>"; };
		A18B999728C0DFC00077A5A6 /* AuthResponseDTO.swift */ = {isa = PBXFileReference; lastKnownFileType = sourcecode.swift; path = AuthResponseDTO.swift; sourceTree = "<group>"; };
		A18B999B28C0E67D0077A5A6 /* AuthResponseStorage.swift */ = {isa = PBXFileReference; lastKnownFileType = sourcecode.swift; path = AuthResponseStorage.swift; sourceTree = "<group>"; };
		A18B999D28C0E6D80077A5A6 /* CoreDataAuthResponseStorage.swift */ = {isa = PBXFileReference; lastKnownFileType = sourcecode.swift; path = CoreDataAuthResponseStorage.swift; sourceTree = "<group>"; };
		A18B99A028C0FEC40077A5A6 /* AuthResponseEntity+Mapping.swift */ = {isa = PBXFileReference; lastKnownFileType = sourcecode.swift; path = "AuthResponseEntity+Mapping.swift"; sourceTree = "<group>"; };
		A196AE0828C140A300C5D733 /* AnyTransformer.swift */ = {isa = PBXFileReference; lastKnownFileType = sourcecode.swift; path = AnyTransformer.swift; sourceTree = "<group>"; };
		A196AE0B28C1571600C5D733 /* AuthQuery.swift */ = {isa = PBXFileReference; lastKnownFileType = sourcecode.swift; path = AuthQuery.swift; sourceTree = "<group>"; };
		A1B3F98928C54F510042DE9F /* DefaultAuthRepository.swift */ = {isa = PBXFileReference; lastKnownFileType = sourcecode.swift; path = DefaultAuthRepository.swift; sourceTree = "<group>"; };
		A1B3F98B28C55B500042DE9F /* HomeViewModel.swift */ = {isa = PBXFileReference; lastKnownFileType = sourcecode.swift; path = HomeViewModel.swift; sourceTree = "<group>"; };
		A1B3F98D28C55E150042DE9F /* StoryboardInstantiable.swift */ = {isa = PBXFileReference; lastKnownFileType = sourcecode.swift; path = StoryboardInstantiable.swift; sourceTree = "<group>"; };
		A1B3F98F28C5605B0042DE9F /* HomeTabBarController.storyboard */ = {isa = PBXFileReference; lastKnownFileType = file.storyboard; path = HomeTabBarController.storyboard; sourceTree = "<group>"; };
		A1B3F99128C5755D0042DE9F /* AuthViewController.storyboard */ = {isa = PBXFileReference; lastKnownFileType = file.storyboard; path = AuthViewController.storyboard; sourceTree = "<group>"; };
		A1B3F99328C575A30042DE9F /* AuthViewModel.swift */ = {isa = PBXFileReference; lastKnownFileType = sourcecode.swift; path = AuthViewModel.swift; sourceTree = "<group>"; };
		A1B3F99728C6278A0042DE9F /* SignUpViewController.swift */ = {isa = PBXFileReference; lastKnownFileType = sourcecode.swift; path = SignUpViewController.swift; sourceTree = "<group>"; };
		A1B3F99C28C631F90042DE9F /* SignInViewController.swift */ = {isa = PBXFileReference; lastKnownFileType = sourcecode.swift; path = SignInViewController.swift; sourceTree = "<group>"; };
		A1B3F9A028C63BC70042DE9F /* Nibable.swift */ = {isa = PBXFileReference; lastKnownFileType = sourcecode.swift; path = Nibable.swift; sourceTree = "<group>"; };
		A1F56A5B28C668100089BD4F /* AppAppearance.swift */ = {isa = PBXFileReference; lastKnownFileType = sourcecode.swift; path = AppAppearance.swift; sourceTree = "<group>"; };
		A1F56A5D28C679980089BD4F /* UIView+AddGradientLayer.swift */ = {isa = PBXFileReference; lastKnownFileType = sourcecode.swift; path = "UIView+AddGradientLayer.swift"; sourceTree = "<group>"; };
		A1F56A6628C68EAD0089BD4F /* NavigationBarTitleView.swift */ = {isa = PBXFileReference; lastKnownFileType = sourcecode.swift; path = NavigationBarTitleView.swift; sourceTree = "<group>"; };
		A1F56A6828C68FB10089BD4F /* NSAttributedString+Attributes.swift */ = {isa = PBXFileReference; lastKnownFileType = sourcecode.swift; path = "NSAttributedString+Attributes.swift"; sourceTree = "<group>"; };
		A1F56A6A28C6934B0089BD4F /* UIButton+SetLayerBorder.swift */ = {isa = PBXFileReference; lastKnownFileType = sourcecode.swift; path = "UIButton+SetLayerBorder.swift"; sourceTree = "<group>"; };
		A1F56A6C28C695D60089BD4F /* UIViewController+SetAttributes.swift */ = {isa = PBXFileReference; lastKnownFileType = sourcecode.swift; path = "UIViewController+SetAttributes.swift"; sourceTree = "<group>"; };
		A1F56A6E28C695FC0089BD4F /* UITextField+SetPlaceholderAttributes.swift */ = {isa = PBXFileReference; lastKnownFileType = sourcecode.swift; path = "UITextField+SetPlaceholderAttributes.swift"; sourceTree = "<group>"; };
/* End PBXFileReference section */

/* Begin PBXFrameworksBuildPhase section */
		A18B98F528BEB62C0077A5A6 /* Frameworks */ = {
			isa = PBXFrameworksBuildPhase;
			buildActionMask = 2147483647;
			files = (
			);
			runOnlyForDeploymentPostprocessing = 0;
		};
/* End PBXFrameworksBuildPhase section */

/* Begin PBXGroup section */
		A18691BA28C6ECFF0087DE3B /* Flow */ = {
			isa = PBXGroup;
			children = (
				A18691BB28C6ED070087DE3B /* TabBarFlowCoordinator.swift */,
			);
			path = Flow;
			sourceTree = "<group>";
		};
		A18691C128C778200087DE3B /* HomeView */ = {
			isa = PBXGroup;
			children = (
				A18B992528BEC7920077A5A6 /* HomeTableViewController.swift */,
			);
			path = HomeView;
			sourceTree = "<group>";
		};
		A18B98EF28BEB62C0077A5A6 = {
			isa = PBXGroup;
			children = (
				A18B98FA28BEB62C0077A5A6 /* netflix */,
				A18B98F928BEB62C0077A5A6 /* Products */,
			);
			sourceTree = "<group>";
		};
		A18B98F928BEB62C0077A5A6 /* Products */ = {
			isa = PBXGroup;
			children = (
				A18B98F828BEB62C0077A5A6 /* netflix.app */,
			);
			name = Products;
			sourceTree = "<group>";
		};
		A18B98FA28BEB62C0077A5A6 /* netflix */ = {
			isa = PBXGroup;
			children = (
				A18B991328BEB9760077A5A6 /* Application */,
				A18B991228BEB9490077A5A6 /* Presentation */,
				A18B991128BEB9460077A5A6 /* Domain */,
				A18B991028BEB9440077A5A6 /* Data */,
				A18B990F28BEB93F0077A5A6 /* Infrastructure */,
				A18B998828C0408D0077A5A6 /* Common */,
				A18B991428BEB9940077A5A6 /* Resources */,
			);
			path = netflix;
			sourceTree = "<group>";
		};
		A18B990F28BEB93F0077A5A6 /* Infrastructure */ = {
			isa = PBXGroup;
			children = (
				A18B997428C011700077A5A6 /* Network */,
			);
			path = Infrastructure;
			sourceTree = "<group>";
		};
		A18B991028BEB9440077A5A6 /* Data */ = {
			isa = PBXGroup;
			children = (
				A1B3F98828C54F160042DE9F /* Repositories */,
				A18B996528C005F80077A5A6 /* Network */,
				A18B998128C03DED0077A5A6 /* PersistentStorage */,
			);
			path = Data;
			sourceTree = "<group>";
		};
		A18B991128BEB9460077A5A6 /* Domain */ = {
			isa = PBXGroup;
			children = (
				A18B994028BFD96E0077A5A6 /* Entities */,
				A18B996328C004BE0077A5A6 /* UseCases */,
				A18B995028BFEEC70077A5A6 /* Repositories */,
			);
			path = Domain;
			sourceTree = "<group>";
		};
		A18B991228BEB9490077A5A6 /* Presentation */ = {
			isa = PBXGroup;
			children = (
				A18B992728BEE7350077A5A6 /* Auth Scene */,
				A18B991528BEBB9C0077A5A6 /* TabBar Scene */,
				A18B993228BFC6FC0077A5A6 /* Utilities */,
			);
			path = Presentation;
			sourceTree = "<group>";
		};
		A18B991328BEB9760077A5A6 /* Application */ = {
			isa = PBXGroup;
			children = (
				A18B98FB28BEB62C0077A5A6 /* AppDelegate.swift */,
				A18B991628BEBD040077A5A6 /* AppConfiguration.swift */,
				A1F56A5B28C668100089BD4F /* AppAppearance.swift */,
				A18B991A28BEC0580077A5A6 /* AppDependencies.swift */,
				A18B991828BEBE040077A5A6 /* AppFlowCoordinator.swift */,
				A18B98FD28BEB62C0077A5A6 /* SceneDelegate.swift */,
				A18B993028BEE9320077A5A6 /* SceneDependencies.swift */,
			);
			path = Application;
			sourceTree = "<group>";
		};
		A18B991428BEB9940077A5A6 /* Resources */ = {
			isa = PBXGroup;
			children = (
				A18B990628BEB62E0077A5A6 /* LaunchScreen.storyboard */,
				A18B990428BEB62E0077A5A6 /* Assets.xcassets */,
				A18B990928BEB62E0077A5A6 /* Info.plist */,
			);
			path = Resources;
			sourceTree = "<group>";
		};
		A18B991528BEBB9C0077A5A6 /* TabBar Scene */ = {
			isa = PBXGroup;
			children = (
				A18691BA28C6ECFF0087DE3B /* Flow */,
				A18B992428BEC7860077A5A6 /* View */,
				A18B992328BEC7820077A5A6 /* ViewModel */,
				A18B993928BFC95A0077A5A6 /* Behaviors */,
			);
			path = "TabBar Scene";
			sourceTree = "<group>";
		};
		A18B992328BEC7820077A5A6 /* ViewModel */ = {
			isa = PBXGroup;
			children = (
				A1B3F98B28C55B500042DE9F /* HomeViewModel.swift */,
			);
			path = ViewModel;
			sourceTree = "<group>";
		};
		A18B992428BEC7860077A5A6 /* View */ = {
			isa = PBXGroup;
			children = (
				A18691C228C7782B0087DE3B /* HomeTabBarController.swift */,
				A1B3F98F28C5605B0042DE9F /* HomeTabBarController.storyboard */,
				A18691C128C778200087DE3B /* HomeView */,
			);
			path = View;
			sourceTree = "<group>";
		};
		A18B992728BEE7350077A5A6 /* Auth Scene */ = {
			isa = PBXGroup;
			children = (
				A18B992828BEE73C0077A5A6 /* Flow */,
				A18B992B28BEE7540077A5A6 /* View */,
				A18B992A28BEE7510077A5A6 /* ViewModel */,
			);
			path = "Auth Scene";
			sourceTree = "<group>";
		};
		A18B992828BEE73C0077A5A6 /* Flow */ = {
			isa = PBXGroup;
			children = (
				A18B992E28BEE7C10077A5A6 /* AuthFlowCoordinator.swift */,
			);
			path = Flow;
			sourceTree = "<group>";
		};
		A18B992A28BEE7510077A5A6 /* ViewModel */ = {
			isa = PBXGroup;
			children = (
				A1B3F99328C575A30042DE9F /* AuthViewModel.swift */,
			);
			path = ViewModel;
			sourceTree = "<group>";
		};
		A18B992B28BEE7540077A5A6 /* View */ = {
			isa = PBXGroup;
			children = (
				A18B992C28BEE7990077A5A6 /* AuthViewController.swift */,
				A1B3F99128C5755D0042DE9F /* AuthViewController.storyboard */,
				A1B3F99628C627710042DE9F /* SignUpView */,
				A1B3F99B28C631D90042DE9F /* SignInView */,
				A1F56A6528C68E850089BD4F /* Common */,
			);
			path = View;
			sourceTree = "<group>";
		};
		A18B993228BFC6FC0077A5A6 /* Utilities */ = {
			isa = PBXGroup;
			children = (
				A18B997D28C03BB10077A5A6 /* Observable.swift */,
				A18B993428BFC7130077A5A6 /* Protocols */,
				A18B993328BFC70D0077A5A6 /* Extensions */,
			);
			path = Utilities;
			sourceTree = "<group>";
		};
		A18B993328BFC70D0077A5A6 /* Extensions */ = {
			isa = PBXGroup;
			children = (
				A1F56A6828C68FB10089BD4F /* NSAttributedString+Attributes.swift */,
				A1F56A6A28C6934B0089BD4F /* UIButton+SetLayerBorder.swift */,
				A18691B628C698B50087DE3B /* UIColor+HEXColor.swift */,
				A18691B828C698BB0087DE3B /* UIColor+RGBColor.swift */,
				A1F56A5D28C679980089BD4F /* UIView+AddGradientLayer.swift */,
				A18B993528BFC72E0077A5A6 /* UIViewController+AddChild.swift */,
				A18B993728BFC7820077A5A6 /* UIViewController+AddBehaviors.swift */,
				A18B993E28BFD77F0077A5A6 /* UIViewController+ActivityIndicator.swift */,
				A18691BF28C772FA0087DE3B /* UIViewController+SceneDelegate.swift */,
				A1F56A6C28C695D60089BD4F /* UIViewController+SetAttributes.swift */,
				A1F56A6E28C695FC0089BD4F /* UITextField+SetPlaceholderAttributes.swift */,
				A18691BD28C764600087DE3B /* UIBarButtonItem+AddTarget.swift */,
			);
			path = Extensions;
			sourceTree = "<group>";
		};
		A18B993428BFC7130077A5A6 /* Protocols */ = {
			isa = PBXGroup;
			children = (
				A1B3F98D28C55E150042DE9F /* StoryboardInstantiable.swift */,
				A1B3F9A028C63BC70042DE9F /* Nibable.swift */,
			);
			path = Protocols;
			sourceTree = "<group>";
		};
		A18B993928BFC95A0077A5A6 /* Behaviors */ = {
			isa = PBXGroup;
			children = (
				A18B993A28BFC9700077A5A6 /* BackButtonEmptyTitleNavigationBarBehavior.swift */,
				A18B993C28BFC9A40077A5A6 /* BlackStyleNavigationBarBehavior.swift */,
			);
			path = Behaviors;
			sourceTree = "<group>";
		};
		A18B994028BFD96E0077A5A6 /* Entities */ = {
			isa = PBXGroup;
			children = (
				A18B994928BFD9DD0077A5A6 /* User.swift */,
				A18B994128BFD9C70077A5A6 /* Section.swift */,
				A18B994328BFD9CC0077A5A6 /* Media.swift */,
				A18B994528BFD9D50077A5A6 /* Season.swift */,
				A18B994728BFD9DA0077A5A6 /* Episode.swift */,
				A18B997F28C03CA20077A5A6 /* JWT.swift */,
				A196AE0A28C1570D00C5D733 /* Query */,
				A18B995E28BFFCA10077A5A6 /* Protocols */,
			);
			path = Entities;
			sourceTree = "<group>";
		};
		A18B995028BFEEC70077A5A6 /* Repositories */ = {
			isa = PBXGroup;
			children = (
				A18B998B28C042670077A5A6 /* Utils */,
				A18B996A28C00F6E0077A5A6 /* AuthRepository.swift */,
				A18B997228C00F8E0077A5A6 /* UsersRepository.swift */,
				A18B996C28C00F7C0077A5A6 /* SectionsRepository.swift */,
				A18B996628C00F5C0077A5A6 /* TVShowsRepository.swift */,
				A18B996828C00F660077A5A6 /* MoviesRepository.swift */,
				A18B996E28C00F850077A5A6 /* SeasonsRepository.swift */,
				A18B997028C00F890077A5A6 /* EpisodesRepository.swift */,
			);
			path = Repositories;
			sourceTree = "<group>";
		};
		A18B995328BFF1260077A5A6 /* DataMapping */ = {
			isa = PBXGroup;
			children = (
				A18B999928C0E0120077A5A6 /* Entities */,
				A18B999328C0DFA00077A5A6 /* Requests */,
				A18B999428C0DFA80077A5A6 /* Responses */,
			);
			path = DataMapping;
			sourceTree = "<group>";
		};
		A18B995E28BFFCA10077A5A6 /* Protocols */ = {
			isa = PBXGroup;
			children = (
				A18B995F28BFFCA80077A5A6 /* Sectionable.swift */,
				A18B996128BFFE2B0077A5A6 /* Mediable.swift */,
			);
			path = Protocols;
			sourceTree = "<group>";
		};
		A18B996328C004BE0077A5A6 /* UseCases */ = {
			isa = PBXGroup;
			children = (
				A18B998E28C06A200077A5A6 /* AuthUseCase.swift */,
			);
			path = UseCases;
			sourceTree = "<group>";
		};
		A18B996528C005F80077A5A6 /* Network */ = {
			isa = PBXGroup;
			children = (
				A18B999028C0DE570077A5A6 /* Endpoints */,
				A18B995328BFF1260077A5A6 /* DataMapping */,
			);
			path = Network;
			sourceTree = "<group>";
		};
		A18B997428C011700077A5A6 /* Network */ = {
			isa = PBXGroup;
			children = (
				A18B997528C0119A0077A5A6 /* NetworkConfig.swift */,
				A18B997728C020FC0077A5A6 /* NetworkService.swift */,
				A18B997B28C029A30077A5A6 /* DataTransferService.swift */,
				A18B997928C0244D0077A5A6 /* Endpoint.swift */,
			);
			path = Network;
			sourceTree = "<group>";
		};
		A18B998128C03DED0077A5A6 /* PersistentStorage */ = {
			isa = PBXGroup;
			children = (
				A18B999A28C0E6670077A5A6 /* AuthResponsesStorage */,
				A18B998228C03DFE0077A5A6 /* CoreDataStorage */,
			);
			path = PersistentStorage;
			sourceTree = "<group>";
		};
		A18B998228C03DFE0077A5A6 /* CoreDataStorage */ = {
			isa = PBXGroup;
			children = (
				A18B998328C03E1C0077A5A6 /* CoreDataStorage.swift */,
				A18B998528C03F050077A5A6 /* CoreDataStorage.xcdatamodeld */,
				A196AE0728C1409A00C5D733 /* Utils */,
			);
			path = CoreDataStorage;
			sourceTree = "<group>";
		};
		A18B998828C0408D0077A5A6 /* Common */ = {
			isa = PBXGroup;
			children = (
				A18B998928C040A70077A5A6 /* Cancellable.swift */,
			);
			path = Common;
			sourceTree = "<group>";
		};
		A18B998B28C042670077A5A6 /* Utils */ = {
			isa = PBXGroup;
			children = (
				A18B998C28C0426E0077A5A6 /* RepositoryTask.swift */,
			);
			path = Utils;
			sourceTree = "<group>";
		};
		A18B999028C0DE570077A5A6 /* Endpoints */ = {
			isa = PBXGroup;
			children = (
				A18B999128C0DE710077A5A6 /* APIEndpoint.swift */,
			);
			path = Endpoints;
			sourceTree = "<group>";
		};
		A18B999328C0DFA00077A5A6 /* Requests */ = {
			isa = PBXGroup;
			children = (
				A18B999528C0DFB90077A5A6 /* AuthRequestDTO.swift */,
			);
			path = Requests;
			sourceTree = "<group>";
		};
		A18B999428C0DFA80077A5A6 /* Responses */ = {
			isa = PBXGroup;
			children = (
				A18B999728C0DFC00077A5A6 /* AuthResponseDTO.swift */,
			);
			path = Responses;
			sourceTree = "<group>";
		};
		A18B999928C0E0120077A5A6 /* Entities */ = {
			isa = PBXGroup;
			children = (
				A18B995428BFF1D10077A5A6 /* UserDTO+Mapping.swift */,
				A18B995628BFF66C0077A5A6 /* SectionDTO+Mapping.swift */,
				A18B995828BFF6A20077A5A6 /* MediaDTO+Mapping.swift */,
				A18B995A28BFFB500077A5A6 /* SeasonDTO+Mapping.swift */,
				A18B995C28BFFBF30077A5A6 /* EpisodeDTO+Mapping.swift */,
			);
			path = Entities;
			sourceTree = "<group>";
		};
		A18B999A28C0E6670077A5A6 /* AuthResponsesStorage */ = {
			isa = PBXGroup;
			children = (
				A18B999B28C0E67D0077A5A6 /* AuthResponseStorage.swift */,
				A18B999D28C0E6D80077A5A6 /* CoreDataAuthResponseStorage.swift */,
				A18B999F28C0FEA70077A5A6 /* EntityMapping */,
			);
			path = AuthResponsesStorage;
			sourceTree = "<group>";
		};
		A18B999F28C0FEA70077A5A6 /* EntityMapping */ = {
			isa = PBXGroup;
			children = (
				A18B99A028C0FEC40077A5A6 /* AuthResponseEntity+Mapping.swift */,
			);
			path = EntityMapping;
			sourceTree = "<group>";
		};
		A196AE0728C1409A00C5D733 /* Utils */ = {
			isa = PBXGroup;
			children = (
				A196AE0828C140A300C5D733 /* AnyTransformer.swift */,
			);
			path = Utils;
			sourceTree = "<group>";
		};
		A196AE0A28C1570D00C5D733 /* Query */ = {
			isa = PBXGroup;
			children = (
				A196AE0B28C1571600C5D733 /* AuthQuery.swift */,
			);
			path = Query;
			sourceTree = "<group>";
		};
		A1B3F98828C54F160042DE9F /* Repositories */ = {
			isa = PBXGroup;
			children = (
				A1B3F98928C54F510042DE9F /* DefaultAuthRepository.swift */,
			);
			path = Repositories;
			sourceTree = "<group>";
		};
		A1B3F99628C627710042DE9F /* SignUpView */ = {
			isa = PBXGroup;
			children = (
				A1B3F99728C6278A0042DE9F /* SignUpViewController.swift */,
			);
			path = SignUpView;
			sourceTree = "<group>";
		};
		A1B3F99B28C631D90042DE9F /* SignInView */ = {
			isa = PBXGroup;
			children = (
				A1B3F99C28C631F90042DE9F /* SignInViewController.swift */,
			);
			path = SignInView;
			sourceTree = "<group>";
		};
		A1F56A6528C68E850089BD4F /* Common */ = {
			isa = PBXGroup;
			children = (
				A1F56A6628C68EAD0089BD4F /* NavigationBarTitleView.swift */,
			);
			path = Common;
			sourceTree = "<group>";
		};
/* End PBXGroup section */

/* Begin PBXNativeTarget section */
		A18B98F728BEB62C0077A5A6 /* netflix */ = {
			isa = PBXNativeTarget;
			buildConfigurationList = A18B990C28BEB62E0077A5A6 /* Build configuration list for PBXNativeTarget "netflix" */;
			buildPhases = (
				A18B98F428BEB62C0077A5A6 /* Sources */,
				A18B98F528BEB62C0077A5A6 /* Frameworks */,
				A18B98F628BEB62C0077A5A6 /* Resources */,
			);
			buildRules = (
			);
			dependencies = (
			);
			name = netflix;
			productName = netflix;
			productReference = A18B98F828BEB62C0077A5A6 /* netflix.app */;
			productType = "com.apple.product-type.application";
		};
/* End PBXNativeTarget section */

/* Begin PBXProject section */
		A18B98F028BEB62C0077A5A6 /* Project object */ = {
			isa = PBXProject;
			attributes = {
				BuildIndependentTargetsInParallel = 1;
				LastSwiftUpdateCheck = 1340;
				LastUpgradeCheck = 1340;
				TargetAttributes = {
					A18B98F728BEB62C0077A5A6 = {
						CreatedOnToolsVersion = 13.4.1;
					};
				};
			};
			buildConfigurationList = A18B98F328BEB62C0077A5A6 /* Build configuration list for PBXProject "netflix" */;
			compatibilityVersion = "Xcode 13.0";
			developmentRegion = en;
			hasScannedForEncodings = 0;
			knownRegions = (
				en,
				Base,
			);
			mainGroup = A18B98EF28BEB62C0077A5A6;
			productRefGroup = A18B98F928BEB62C0077A5A6 /* Products */;
			projectDirPath = "";
			projectRoot = "";
			targets = (
				A18B98F728BEB62C0077A5A6 /* netflix */,
			);
		};
/* End PBXProject section */

/* Begin PBXResourcesBuildPhase section */
		A18B98F628BEB62C0077A5A6 /* Resources */ = {
			isa = PBXResourcesBuildPhase;
			buildActionMask = 2147483647;
			files = (
				A18B990828BEB62E0077A5A6 /* LaunchScreen.storyboard in Resources */,
				A1B3F99228C5755D0042DE9F /* AuthViewController.storyboard in Resources */,
				A18B990528BEB62E0077A5A6 /* Assets.xcassets in Resources */,
				A1B3F99028C5605B0042DE9F /* HomeTabBarController.storyboard in Resources */,
			);
			runOnlyForDeploymentPostprocessing = 0;
		};
/* End PBXResourcesBuildPhase section */

/* Begin PBXSourcesBuildPhase section */
		A18B98F428BEB62C0077A5A6 /* Sources */ = {
			isa = PBXSourcesBuildPhase;
			buildActionMask = 2147483647;
			files = (
				A1B3F9A128C63BC70042DE9F /* Nibable.swift in Sources */,
				A1F56A6928C68FB10089BD4F /* NSAttributedString+Attributes.swift in Sources */,
				A18B998A28C040A70077A5A6 /* Cancellable.swift in Sources */,
				A18691BE28C764600087DE3B /* UIBarButtonItem+AddTarget.swift in Sources */,
				A18B998428C03E1C0077A5A6 /* CoreDataStorage.swift in Sources */,
				A18B997E28C03BB10077A5A6 /* Observable.swift in Sources */,
				A18B996728C00F5C0077A5A6 /* TVShowsRepository.swift in Sources */,
				A18B997828C020FC0077A5A6 /* NetworkService.swift in Sources */,
				A18B996D28C00F7C0077A5A6 /* SectionsRepository.swift in Sources */,
				A18B995D28BFFBF30077A5A6 /* EpisodeDTO+Mapping.swift in Sources */,
				A18B994228BFD9C70077A5A6 /* Section.swift in Sources */,
				A1B3F99D28C631F90042DE9F /* SignInViewController.swift in Sources */,
				A18B991928BEBE040077A5A6 /* AppFlowCoordinator.swift in Sources */,
				A18B995528BFF1D10077A5A6 /* UserDTO+Mapping.swift in Sources */,
				A18691C328C7782B0087DE3B /* HomeTabBarController.swift in Sources */,
				A18B993828BFC7820077A5A6 /* UIViewController+AddBehaviors.swift in Sources */,
				A196AE0928C140A300C5D733 /* AnyTransformer.swift in Sources */,
				A18B998F28C06A200077A5A6 /* AuthUseCase.swift in Sources */,
				A18B991728BEBD040077A5A6 /* AppConfiguration.swift in Sources */,
				A18B997C28C029A30077A5A6 /* DataTransferService.swift in Sources */,
				A18B993F28BFD77F0077A5A6 /* UIViewController+ActivityIndicator.swift in Sources */,
				A1F56A6B28C6934B0089BD4F /* UIButton+SetLayerBorder.swift in Sources */,
				A18B997A28C0244D0077A5A6 /* Endpoint.swift in Sources */,
				A18B996B28C00F6E0077A5A6 /* AuthRepository.swift in Sources */,
				A18B996928C00F660077A5A6 /* MoviesRepository.swift in Sources */,
				A18B998728C03F050077A5A6 /* CoreDataStorage.xcdatamodeld in Sources */,
				A18B999228C0DE710077A5A6 /* APIEndpoint.swift in Sources */,
				A18B992628BEC7920077A5A6 /* HomeTableViewController.swift in Sources */,
				A18B994428BFD9CC0077A5A6 /* Media.swift in Sources */,
				A18B994828BFD9DA0077A5A6 /* Episode.swift in Sources */,
				A18B993628BFC72E0077A5A6 /* UIViewController+AddChild.swift in Sources */,
				A18B997128C00F890077A5A6 /* EpisodesRepository.swift in Sources */,
				A196AE0C28C1571600C5D733 /* AuthQuery.swift in Sources */,
				A18B993B28BFC9700077A5A6 /* BackButtonEmptyTitleNavigationBarBehavior.swift in Sources */,
				A18691C028C772FA0087DE3B /* UIViewController+SceneDelegate.swift in Sources */,
				A18691BC28C6ED070087DE3B /* TabBarFlowCoordinator.swift in Sources */,
				A18B992F28BEE7C10077A5A6 /* AuthFlowCoordinator.swift in Sources */,
				A18B999828C0DFC00077A5A6 /* AuthResponseDTO.swift in Sources */,
				A18B993D28BFC9A40077A5A6 /* BlackStyleNavigationBarBehavior.swift in Sources */,
				A18B997628C0119A0077A5A6 /* NetworkConfig.swift in Sources */,
				A1B3F99828C6278A0042DE9F /* SignUpViewController.swift in Sources */,
				A1B3F98A28C54F510042DE9F /* DefaultAuthRepository.swift in Sources */,
				A18B99A128C0FEC40077A5A6 /* AuthResponseEntity+Mapping.swift in Sources */,
				A1F56A6D28C695D60089BD4F /* UIViewController+SetAttributes.swift in Sources */,
				A18B996028BFFCA80077A5A6 /* Sectionable.swift in Sources */,
				A18B98FC28BEB62C0077A5A6 /* AppDelegate.swift in Sources */,
				A18B998D28C0426E0077A5A6 /* RepositoryTask.swift in Sources */,
				A1B3F98C28C55B500042DE9F /* HomeViewModel.swift in Sources */,
				A1F56A6F28C695FC0089BD4F /* UITextField+SetPlaceholderAttributes.swift in Sources */,
				A18B998028C03CA20077A5A6 /* JWT.swift in Sources */,
				A18B991B28BEC0580077A5A6 /* AppDependencies.swift in Sources */,
				A18B999E28C0E6D80077A5A6 /* CoreDataAuthResponseStorage.swift in Sources */,
				A18B995B28BFFB500077A5A6 /* SeasonDTO+Mapping.swift in Sources */,
				A18B995928BFF6A20077A5A6 /* MediaDTO+Mapping.swift in Sources */,
				A18B993128BEE9320077A5A6 /* SceneDependencies.swift in Sources */,
				A18691B928C698BB0087DE3B /* UIColor+RGBColor.swift in Sources */,
				A18691B728C698B50087DE3B /* UIColor+HEXColor.swift in Sources */,
				A18B992D28BEE7990077A5A6 /* AuthViewController.swift in Sources */,
				A1F56A5C28C668100089BD4F /* AppAppearance.swift in Sources */,
				A18B996F28C00F850077A5A6 /* SeasonsRepository.swift in Sources */,
				A18B98FE28BEB62C0077A5A6 /* SceneDelegate.swift in Sources */,
				A1F56A5E28C679980089BD4F /* UIView+AddGradientLayer.swift in Sources */,
				A18B994628BFD9D50077A5A6 /* Season.swift in Sources */,
				A18B999C28C0E67D0077A5A6 /* AuthResponseStorage.swift in Sources */,
				A18B994A28BFD9DD0077A5A6 /* User.swift in Sources */,
				A18B995728BFF66C0077A5A6 /* SectionDTO+Mapping.swift in Sources */,
				A1F56A6728C68EAD0089BD4F /* NavigationBarTitleView.swift in Sources */,
				A18B997328C00F8E0077A5A6 /* UsersRepository.swift in Sources */,
				A1B3F99428C575A30042DE9F /* AuthViewModel.swift in Sources */,
				A1B3F98E28C55E150042DE9F /* StoryboardInstantiable.swift in Sources */,
				A18B996228BFFE2B0077A5A6 /* Mediable.swift in Sources */,
				A18B999628C0DFB90077A5A6 /* AuthRequestDTO.swift in Sources */,
			);
			runOnlyForDeploymentPostprocessing = 0;
		};
/* End PBXSourcesBuildPhase section */

/* Begin PBXVariantGroup section */
		A18B990628BEB62E0077A5A6 /* LaunchScreen.storyboard */ = {
			isa = PBXVariantGroup;
			children = (
				A18B990728BEB62E0077A5A6 /* Base */,
			);
			name = LaunchScreen.storyboard;
			sourceTree = "<group>";
		};
/* End PBXVariantGroup section */

/* Begin XCBuildConfiguration section */
		A18B990A28BEB62E0077A5A6 /* Debug */ = {
			isa = XCBuildConfiguration;
			buildSettings = {
				ALWAYS_SEARCH_USER_PATHS = NO;
				CLANG_ANALYZER_NONNULL = YES;
				CLANG_ANALYZER_NUMBER_OBJECT_CONVERSION = YES_AGGRESSIVE;
				CLANG_CXX_LANGUAGE_STANDARD = "gnu++17";
				CLANG_ENABLE_MODULES = YES;
				CLANG_ENABLE_OBJC_ARC = YES;
				CLANG_ENABLE_OBJC_WEAK = YES;
				CLANG_WARN_BLOCK_CAPTURE_AUTORELEASING = YES;
				CLANG_WARN_BOOL_CONVERSION = YES;
				CLANG_WARN_COMMA = YES;
				CLANG_WARN_CONSTANT_CONVERSION = YES;
				CLANG_WARN_DEPRECATED_OBJC_IMPLEMENTATIONS = YES;
				CLANG_WARN_DIRECT_OBJC_ISA_USAGE = YES_ERROR;
				CLANG_WARN_DOCUMENTATION_COMMENTS = YES;
				CLANG_WARN_EMPTY_BODY = YES;
				CLANG_WARN_ENUM_CONVERSION = YES;
				CLANG_WARN_INFINITE_RECURSION = YES;
				CLANG_WARN_INT_CONVERSION = YES;
				CLANG_WARN_NON_LITERAL_NULL_CONVERSION = YES;
				CLANG_WARN_OBJC_IMPLICIT_RETAIN_SELF = YES;
				CLANG_WARN_OBJC_LITERAL_CONVERSION = YES;
				CLANG_WARN_OBJC_ROOT_CLASS = YES_ERROR;
				CLANG_WARN_QUOTED_INCLUDE_IN_FRAMEWORK_HEADER = YES;
				CLANG_WARN_RANGE_LOOP_ANALYSIS = YES;
				CLANG_WARN_STRICT_PROTOTYPES = YES;
				CLANG_WARN_SUSPICIOUS_MOVE = YES;
				CLANG_WARN_UNGUARDED_AVAILABILITY = YES_AGGRESSIVE;
				CLANG_WARN_UNREACHABLE_CODE = YES;
				CLANG_WARN__DUPLICATE_METHOD_MATCH = YES;
				COPY_PHASE_STRIP = NO;
				DEBUG_INFORMATION_FORMAT = dwarf;
				ENABLE_STRICT_OBJC_MSGSEND = YES;
				ENABLE_TESTABILITY = YES;
				GCC_C_LANGUAGE_STANDARD = gnu11;
				GCC_DYNAMIC_NO_PIC = NO;
				GCC_NO_COMMON_BLOCKS = YES;
				GCC_OPTIMIZATION_LEVEL = 0;
				GCC_PREPROCESSOR_DEFINITIONS = (
					"DEBUG=1",
					"$(inherited)",
				);
				GCC_WARN_64_TO_32_BIT_CONVERSION = YES;
				GCC_WARN_ABOUT_RETURN_TYPE = YES_ERROR;
				GCC_WARN_UNDECLARED_SELECTOR = YES;
				GCC_WARN_UNINITIALIZED_AUTOS = YES_AGGRESSIVE;
				GCC_WARN_UNUSED_FUNCTION = YES;
				GCC_WARN_UNUSED_VARIABLE = YES;
				IPHONEOS_DEPLOYMENT_TARGET = 13.0;
				MTL_ENABLE_DEBUG_INFO = INCLUDE_SOURCE;
				MTL_FAST_MATH = YES;
				ONLY_ACTIVE_ARCH = YES;
				SDKROOT = iphoneos;
				SWIFT_ACTIVE_COMPILATION_CONDITIONS = DEBUG;
				SWIFT_OPTIMIZATION_LEVEL = "-Onone";
			};
			name = Debug;
		};
		A18B990B28BEB62E0077A5A6 /* Release */ = {
			isa = XCBuildConfiguration;
			buildSettings = {
				ALWAYS_SEARCH_USER_PATHS = NO;
				CLANG_ANALYZER_NONNULL = YES;
				CLANG_ANALYZER_NUMBER_OBJECT_CONVERSION = YES_AGGRESSIVE;
				CLANG_CXX_LANGUAGE_STANDARD = "gnu++17";
				CLANG_ENABLE_MODULES = YES;
				CLANG_ENABLE_OBJC_ARC = YES;
				CLANG_ENABLE_OBJC_WEAK = YES;
				CLANG_WARN_BLOCK_CAPTURE_AUTORELEASING = YES;
				CLANG_WARN_BOOL_CONVERSION = YES;
				CLANG_WARN_COMMA = YES;
				CLANG_WARN_CONSTANT_CONVERSION = YES;
				CLANG_WARN_DEPRECATED_OBJC_IMPLEMENTATIONS = YES;
				CLANG_WARN_DIRECT_OBJC_ISA_USAGE = YES_ERROR;
				CLANG_WARN_DOCUMENTATION_COMMENTS = YES;
				CLANG_WARN_EMPTY_BODY = YES;
				CLANG_WARN_ENUM_CONVERSION = YES;
				CLANG_WARN_INFINITE_RECURSION = YES;
				CLANG_WARN_INT_CONVERSION = YES;
				CLANG_WARN_NON_LITERAL_NULL_CONVERSION = YES;
				CLANG_WARN_OBJC_IMPLICIT_RETAIN_SELF = YES;
				CLANG_WARN_OBJC_LITERAL_CONVERSION = YES;
				CLANG_WARN_OBJC_ROOT_CLASS = YES_ERROR;
				CLANG_WARN_QUOTED_INCLUDE_IN_FRAMEWORK_HEADER = YES;
				CLANG_WARN_RANGE_LOOP_ANALYSIS = YES;
				CLANG_WARN_STRICT_PROTOTYPES = YES;
				CLANG_WARN_SUSPICIOUS_MOVE = YES;
				CLANG_WARN_UNGUARDED_AVAILABILITY = YES_AGGRESSIVE;
				CLANG_WARN_UNREACHABLE_CODE = YES;
				CLANG_WARN__DUPLICATE_METHOD_MATCH = YES;
				COPY_PHASE_STRIP = NO;
				DEBUG_INFORMATION_FORMAT = "dwarf-with-dsym";
				ENABLE_NS_ASSERTIONS = NO;
				ENABLE_STRICT_OBJC_MSGSEND = YES;
				GCC_C_LANGUAGE_STANDARD = gnu11;
				GCC_NO_COMMON_BLOCKS = YES;
				GCC_WARN_64_TO_32_BIT_CONVERSION = YES;
				GCC_WARN_ABOUT_RETURN_TYPE = YES_ERROR;
				GCC_WARN_UNDECLARED_SELECTOR = YES;
				GCC_WARN_UNINITIALIZED_AUTOS = YES_AGGRESSIVE;
				GCC_WARN_UNUSED_FUNCTION = YES;
				GCC_WARN_UNUSED_VARIABLE = YES;
				IPHONEOS_DEPLOYMENT_TARGET = 13.0;
				MTL_ENABLE_DEBUG_INFO = NO;
				MTL_FAST_MATH = YES;
				SDKROOT = iphoneos;
				SWIFT_COMPILATION_MODE = wholemodule;
				SWIFT_OPTIMIZATION_LEVEL = "-O";
				VALIDATE_PRODUCT = YES;
			};
			name = Release;
		};
		A18B990D28BEB62E0077A5A6 /* Debug */ = {
			isa = XCBuildConfiguration;
			buildSettings = {
				API_HOST = "netflix-swift-api.herokuapp.com";
				API_SCHEME = https;
				ASSETCATALOG_COMPILER_APPICON_NAME = AppIcon;
				ASSETCATALOG_COMPILER_GLOBAL_ACCENT_COLOR_NAME = AccentColor;
				CODE_SIGN_STYLE = Automatic;
				CURRENT_PROJECT_VERSION = 1;
				GENERATE_INFOPLIST_FILE = YES;
				INFOPLIST_FILE = netflix/Resources/Info.plist;
				INFOPLIST_KEY_UIApplicationSupportsIndirectInputEvents = YES;
				INFOPLIST_KEY_UILaunchStoryboardName = LaunchScreen;
				INFOPLIST_KEY_UISupportedInterfaceOrientations_iPad = "UIInterfaceOrientationPortrait UIInterfaceOrientationPortraitUpsideDown UIInterfaceOrientationLandscapeLeft UIInterfaceOrientationLandscapeRight";
				INFOPLIST_KEY_UISupportedInterfaceOrientations_iPhone = "UIInterfaceOrientationPortrait UIInterfaceOrientationLandscapeLeft UIInterfaceOrientationLandscapeRight";
				IPHONEOS_DEPLOYMENT_TARGET = 13.0;
				LD_RUNPATH_SEARCH_PATHS = (
					"$(inherited)",
					"@executable_path/Frameworks",
				);
				MARKETING_VERSION = 1.0;
				PRODUCT_BUNDLE_IDENTIFIER = com.bazovzach.netflix;
				PRODUCT_NAME = "$(TARGET_NAME)";
				SWIFT_EMIT_LOC_STRINGS = YES;
				SWIFT_VERSION = 5.0;
				TARGETED_DEVICE_FAMILY = "1,2";
			};
			name = Debug;
		};
		A18B990E28BEB62E0077A5A6 /* Release */ = {
			isa = XCBuildConfiguration;
			buildSettings = {
				API_HOST = "netflix-swift-api.herokuapp.com";
				API_SCHEME = https;
				ASSETCATALOG_COMPILER_APPICON_NAME = AppIcon;
				ASSETCATALOG_COMPILER_GLOBAL_ACCENT_COLOR_NAME = AccentColor;
				CODE_SIGN_STYLE = Automatic;
				CURRENT_PROJECT_VERSION = 1;
				GENERATE_INFOPLIST_FILE = YES;
				INFOPLIST_FILE = netflix/Resources/Info.plist;
				INFOPLIST_KEY_UIApplicationSupportsIndirectInputEvents = YES;
				INFOPLIST_KEY_UILaunchStoryboardName = LaunchScreen;
				INFOPLIST_KEY_UISupportedInterfaceOrientations_iPad = "UIInterfaceOrientationPortrait UIInterfaceOrientationPortraitUpsideDown UIInterfaceOrientationLandscapeLeft UIInterfaceOrientationLandscapeRight";
				INFOPLIST_KEY_UISupportedInterfaceOrientations_iPhone = "UIInterfaceOrientationPortrait UIInterfaceOrientationLandscapeLeft UIInterfaceOrientationLandscapeRight";
				IPHONEOS_DEPLOYMENT_TARGET = 13.0;
				LD_RUNPATH_SEARCH_PATHS = (
					"$(inherited)",
					"@executable_path/Frameworks",
				);
				MARKETING_VERSION = 1.0;
				PRODUCT_BUNDLE_IDENTIFIER = com.bazovzach.netflix;
				PRODUCT_NAME = "$(TARGET_NAME)";
				SWIFT_EMIT_LOC_STRINGS = YES;
				SWIFT_VERSION = 5.0;
				TARGETED_DEVICE_FAMILY = "1,2";
			};
			name = Release;
		};
/* End XCBuildConfiguration section */

/* Begin XCConfigurationList section */
		A18B98F328BEB62C0077A5A6 /* Build configuration list for PBXProject "netflix" */ = {
			isa = XCConfigurationList;
			buildConfigurations = (
				A18B990A28BEB62E0077A5A6 /* Debug */,
				A18B990B28BEB62E0077A5A6 /* Release */,
			);
			defaultConfigurationIsVisible = 0;
			defaultConfigurationName = Release;
		};
		A18B990C28BEB62E0077A5A6 /* Build configuration list for PBXNativeTarget "netflix" */ = {
			isa = XCConfigurationList;
			buildConfigurations = (
				A18B990D28BEB62E0077A5A6 /* Debug */,
				A18B990E28BEB62E0077A5A6 /* Release */,
			);
			defaultConfigurationIsVisible = 0;
			defaultConfigurationName = Release;
		};
/* End XCConfigurationList section */

/* Begin XCVersionGroup section */
		A18B998528C03F050077A5A6 /* CoreDataStorage.xcdatamodeld */ = {
			isa = XCVersionGroup;
			children = (
				A18B998628C03F050077A5A6 /* CoreDataStorage.xcdatamodel */,
			);
			currentVersion = A18B998628C03F050077A5A6 /* CoreDataStorage.xcdatamodel */;
			path = CoreDataStorage.xcdatamodeld;
			sourceTree = "<group>";
			versionGroupType = wrapper.xcdatamodel;
		};
/* End XCVersionGroup section */
	};
	rootObject = A18B98F028BEB62C0077A5A6 /* Project object */;
}
